// !$*UTF8*$!
{
	archiveVersion = 1;
	classes = {
	};
	objectVersion = 56;
	objects = {

/* Begin PBXBuildFile section */
		9F45984C2D2DD3A3002981C9 /* ShootSoloApp.swift in Sources */ = {isa = PBXBuildFile; fileRef = 9F45984B2D2DD3A3002981C9 /* ShootSoloApp.swift */; };
		9F45984E2D2DD3A3002981C9 /* ContentView.swift in Sources */ = {isa = PBXBuildFile; fileRef = 9F45984D2D2DD3A3002981C9 /* ContentView.swift */; };
		9F4598502D2DD3A4002981C9 /* Assets.xcassets in Resources */ = {isa = PBXBuildFile; fileRef = 9F45984F2D2DD3A4002981C9 /* Assets.xcassets */; };
		9F4598532D2DD3A4002981C9 /* Preview Assets.xcassets in Resources */ = {isa = PBXBuildFile; fileRef = 9F4598522D2DD3A4002981C9 /* Preview Assets.xcassets */; };
		9F45985D2D2DD3A4002981C9 /* ShootSoloTests.swift in Sources */ = {isa = PBXBuildFile; fileRef = 9F45985C2D2DD3A4002981C9 /* ShootSoloTests.swift */; };
		9F4598672D2DD3A4002981C9 /* ShootSoloUITests.swift in Sources */ = {isa = PBXBuildFile; fileRef = 9F4598662D2DD3A4002981C9 /* ShootSoloUITests.swift */; };
		9F4598692D2DD3A4002981C9 /* ShootSoloUITestsLaunchTests.swift in Sources */ = {isa = PBXBuildFile; fileRef = 9F4598682D2DD3A4002981C9 /* ShootSoloUITestsLaunchTests.swift */; };
		9F4598782D2DD43D002981C9 /* GoogleService-Info.plist in Resources */ = {isa = PBXBuildFile; fileRef = 9F4598772D2DD43D002981C9 /* GoogleService-Info.plist */; };
		9F45987E2D2DD713002981C9 /* GoogleSignIn in Frameworks */ = {isa = PBXBuildFile; productRef = 9F45987D2D2DD713002981C9 /* GoogleSignIn */; };
		9F4598802D2DD713002981C9 /* GoogleSignInSwift in Frameworks */ = {isa = PBXBuildFile; productRef = 9F45987F2D2DD713002981C9 /* GoogleSignInSwift */; };
		9F4598832D2DD7A9002981C9 /* FirebaseAnalytics in Frameworks */ = {isa = PBXBuildFile; productRef = 9F4598822D2DD7A9002981C9 /* FirebaseAnalytics */; };
		9F4598852D2DD7A9002981C9 /* FirebaseAuth in Frameworks */ = {isa = PBXBuildFile; productRef = 9F4598842D2DD7A9002981C9 /* FirebaseAuth */; };
		9F4598872D2DD7A9002981C9 /* FirebaseCrashlytics in Frameworks */ = {isa = PBXBuildFile; productRef = 9F4598862D2DD7A9002981C9 /* FirebaseCrashlytics */; };
		9F4598892D2DD7A9002981C9 /* FirebaseFirestore in Frameworks */ = {isa = PBXBuildFile; productRef = 9F4598882D2DD7A9002981C9 /* FirebaseFirestore */; };
		9F4598952D2DDA2A002981C9 /* ZoomControlView.swift in Sources */ = {isa = PBXBuildFile; fileRef = 9F45988C2D2DDA2A002981C9 /* ZoomControlView.swift */; };
		9F4598962D2DDA2A002981C9 /* SaveTakeDialog.swift in Sources */ = {isa = PBXBuildFile; fileRef = 9F45988D2D2DDA2A002981C9 /* SaveTakeDialog.swift */; };
		9F4598972D2DDA2A002981C9 /* RecordingTimerView.swift in Sources */ = {isa = PBXBuildFile; fileRef = 9F45988E2D2DDA2A002981C9 /* RecordingTimerView.swift */; };
		9F4598982D2DDA2A002981C9 /* HUDComponents.swift in Sources */ = {isa = PBXBuildFile; fileRef = 9F45988F2D2DDA2A002981C9 /* HUDComponents.swift */; };
		9F4598992D2DDA2A002981C9 /* GridOverlay.swift in Sources */ = {isa = PBXBuildFile; fileRef = 9F4598902D2DDA2A002981C9 /* GridOverlay.swift */; };
		9F45989B2D2DDA2A002981C9 /* LoadingView.swift in Sources */ = {isa = PBXBuildFile; fileRef = 9F4598922D2DDA2A002981C9 /* LoadingView.swift */; };
		9F45989C2D2DDA2A002981C9 /* AuthState.swift in Sources */ = {isa = PBXBuildFile; fileRef = 9F4598942D2DDA2A002981C9 /* AuthState.swift */; };
		9F4598C52D2DDA2F002981C9 /* SettingsModel.swift in Sources */ = {isa = PBXBuildFile; fileRef = 9F4598A02D2DDA2F002981C9 /* SettingsModel.swift */; };
		9F4598C62D2DDA2F002981C9 /* SettingsView.swift in Sources */ = {isa = PBXBuildFile; fileRef = 9F4598A22D2DDA2F002981C9 /* SettingsView.swift */; };
		9F4598C72D2DDA2F002981C9 /* AdvancedSettingsView.swift in Sources */ = {isa = PBXBuildFile; fileRef = 9F4598A32D2DDA2F002981C9 /* AdvancedSettingsView.swift */; };
		9F4598C82D2DDA2F002981C9 /* SettingsManager.swift in Sources */ = {isa = PBXBuildFile; fileRef = 9F4598A52D2DDA2F002981C9 /* SettingsManager.swift */; };
		9F4598C92D2DDA2F002981C9 /* CameraViewModel.swift in Sources */ = {isa = PBXBuildFile; fileRef = 9F4598A82D2DDA2F002981C9 /* CameraViewModel.swift */; };
		9F4598CA2D2DDA2F002981C9 /* CameraModel.swift in Sources */ = {isa = PBXBuildFile; fileRef = 9F4598AA2D2DDA2F002981C9 /* CameraModel.swift */; };
		9F4598CC2D2DDA2F002981C9 /* CameraPreviewView.swift in Sources */ = {isa = PBXBuildFile; fileRef = 9F4598AD2D2DDA2F002981C9 /* CameraPreviewView.swift */; };
		9F4598CD2D2DDA2F002981C9 /* CameraView.swift in Sources */ = {isa = PBXBuildFile; fileRef = 9F4598AE2D2DDA2F002981C9 /* CameraView.swift */; };
		9F4598CE2D2DDA2F002981C9 /* MessageHudView.swift in Sources */ = {isa = PBXBuildFile; fileRef = 9F4598AF2D2DDA2F002981C9 /* MessageHudView.swift */; };
		9F4598CF2D2DDA2F002981C9 /* CameraBottomControls.swift in Sources */ = {isa = PBXBuildFile; fileRef = 9F4598B02D2DDA2F002981C9 /* CameraBottomControls.swift */; };
		9F4598D02D2DDA2F002981C9 /* SpeechRecognizer.swift in Sources */ = {isa = PBXBuildFile; fileRef = 9F4598B22D2DDA2F002981C9 /* SpeechRecognizer.swift */; };
		9F4598D12D2DDA2F002981C9 /* CameraManager.swift in Sources */ = {isa = PBXBuildFile; fileRef = 9F4598B32D2DDA2F002981C9 /* CameraManager.swift */; };
		9F4598D22D2DDA2F002981C9 /* LoginViewModel.swift in Sources */ = {isa = PBXBuildFile; fileRef = 9F4598B62D2DDA2F002981C9 /* LoginViewModel.swift */; };
		9F4598D32D2DDA2F002981C9 /* UserModel.swift in Sources */ = {isa = PBXBuildFile; fileRef = 9F4598B82D2DDA2F002981C9 /* UserModel.swift */; };
		9F4598D42D2DDA2F002981C9 /* LoginView.swift in Sources */ = {isa = PBXBuildFile; fileRef = 9F4598BA2D2DDA2F002981C9 /* LoginView.swift */; };
		9F4598D52D2DDA2F002981C9 /* SuccessfulLoginHUD.swift in Sources */ = {isa = PBXBuildFile; fileRef = 9F4598BB2D2DDA2F002981C9 /* SuccessfulLoginHUD.swift */; };
		9F4598D62D2DDA2F002981C9 /* LoadingHUD.swift in Sources */ = {isa = PBXBuildFile; fileRef = 9F4598BC2D2DDA2F002981C9 /* LoadingHUD.swift */; };
		9F4598D82D2DDA2F002981C9 /* AuthenticationService.swift in Sources */ = {isa = PBXBuildFile; fileRef = 9F4598BF2D2DDA2F002981C9 /* AuthenticationService.swift */; };
		9F4598D92D2DDA2F002981C9 /* CreditsViewModel.swift in Sources */ = {isa = PBXBuildFile; fileRef = 9F4598C22D2DDA2F002981C9 /* CreditsViewModel.swift */; };
		9F4598DA2D2DDA2F002981C9 /* CreditsModel.swift in Sources */ = {isa = PBXBuildFile; fileRef = 9F4598C42D2DDA2F002981C9 /* CreditsModel.swift */; };
		9F4598DC2D329F36002981C9 /* SpeechRecognizerStatusView.swift in Sources */ = {isa = PBXBuildFile; fileRef = 9F4598DB2D329F36002981C9 /* SpeechRecognizerStatusView.swift */; };
		9F4598DF2D33387B002981C9 /* CreditsView.swift in Sources */ = {isa = PBXBuildFile; fileRef = 9F4598DE2D33387B002981C9 /* CreditsView.swift */; };
		9F4598E42D333892002981C9 /* IAPProduct.swift in Sources */ = {isa = PBXBuildFile; fileRef = 9F4598E32D333892002981C9 /* IAPProduct.swift */; };
		9F4598E72D341336002981C9 /* StoreKit.framework in Frameworks */ = {isa = PBXBuildFile; fileRef = 9F4598E62D341336002981C9 /* StoreKit.framework */; };
		9FC2A4EA2D4D7E500009C689 /* GoogleMobileAds in Frameworks */ = {isa = PBXBuildFile; productRef = 9FC2A4E92D4D7E500009C689 /* GoogleMobileAds */; };
		9FC2A4EC2D4E56B90009C689 /* RewardedAdViewModel.swift in Sources */ = {isa = PBXBuildFile; fileRef = 9FC2A4EB2D4E56B90009C689 /* RewardedAdViewModel.swift */; };
		9FC2A4EE2D4E56CB0009C689 /* RewardedAdView.swift in Sources */ = {isa = PBXBuildFile; fileRef = 9FC2A4ED2D4E56CB0009C689 /* RewardedAdView.swift */; };
		9FC2A4F22D4E99100009C689 /* CreditsManagerProtocol.swift in Sources */ = {isa = PBXBuildFile; fileRef = 9FC2A4F12D4E99100009C689 /* CreditsManagerProtocol.swift */; };
		9FC2A4F62D4EA0150009C689 /* CreditsManager.swift in Sources */ = {isa = PBXBuildFile; fileRef = 9FC2A4F52D4EA0150009C689 /* CreditsManager.swift */; };
		9FC2A4FE2D50F9200009C689 /* blip_start.mp3 in Resources */ = {isa = PBXBuildFile; fileRef = 9FC2A4FA2D50F9200009C689 /* blip_start.mp3 */; };
		9FC2A4FF2D50F9200009C689 /* blip_stop.mp3 in Resources */ = {isa = PBXBuildFile; fileRef = 9FC2A4FB2D50F9200009C689 /* blip_stop.mp3 */; };
		9FC2A5002D50F9200009C689 /* save_take.mp3 in Resources */ = {isa = PBXBuildFile; fileRef = 9FC2A4FD2D50F9200009C689 /* save_take.mp3 */; };
		9FC2A5012D50F9200009C689 /* ready_to_record.mp3 in Resources */ = {isa = PBXBuildFile; fileRef = 9FC2A4FC2D50F9200009C689 /* ready_to_record.mp3 */; };
		9FC2A5032D50FD1D0009C689 /* SoundManager.swift in Sources */ = {isa = PBXBuildFile; fileRef = 9FC2A5022D50FD1D0009C689 /* SoundManager.swift */; };
		9FCE495C2D9A078500C0CB91 /* NetworkStatusOverlay.swift in Sources */ = {isa = PBXBuildFile; fileRef = 9FCE495B2D9A078500C0CB91 /* NetworkStatusOverlay.swift */; };
		9FCE495F2D9A079000C0CB91 /* NetworkStatusModifier.swift in Sources */ = {isa = PBXBuildFile; fileRef = 9FCE495D2D9A079000C0CB91 /* NetworkStatusModifier.swift */; };
		9FCE49612D9AEC5700C0CB91 /* ModalTrackingModifier.swift in Sources */ = {isa = PBXBuildFile; fileRef = 9FCE49602D9AEC5700C0CB91 /* ModalTrackingModifier.swift */; };
		9FCE49632D9AEC5D00C0CB91 /* ModalPresentationModifier.swift in Sources */ = {isa = PBXBuildFile; fileRef = 9FCE49622D9AEC5D00C0CB91 /* ModalPresentationModifier.swift */; };
		9FDE68282D72399100DEDDDB /* FileNameGenerator.swift in Sources */ = {isa = PBXBuildFile; fileRef = 9FDE68262D72399100DEDDDB /* FileNameGenerator.swift */; };
		9FDE682A2D748CA600DEDDDB /* GuestCreditsManager.swift in Sources */ = {isa = PBXBuildFile; fileRef = 9FDE68292D748CA600DEDDDB /* GuestCreditsManager.swift */; };
		9FDE682E2D7E216000DEDDDB /* NetworkMonitor.swift in Sources */ = {isa = PBXBuildFile; fileRef = 9FDE682D2D7E216000DEDDDB /* NetworkMonitor.swift */; };
		9FDE68302D8B0F3C00DEDDDB /* SplashScreen.swift in Sources */ = {isa = PBXBuildFile; fileRef = 9FDE682F2D8B0F3C00DEDDDB /* SplashScreen.swift */; };
/* End PBXBuildFile section */

/* Begin PBXContainerItemProxy section */
		9F4598592D2DD3A4002981C9 /* PBXContainerItemProxy */ = {
			isa = PBXContainerItemProxy;
			containerPortal = 9F4598402D2DD3A3002981C9 /* Project object */;
			proxyType = 1;
			remoteGlobalIDString = 9F4598472D2DD3A3002981C9;
			remoteInfo = ShootSolo;
		};
		9F4598632D2DD3A4002981C9 /* PBXContainerItemProxy */ = {
			isa = PBXContainerItemProxy;
			containerPortal = 9F4598402D2DD3A3002981C9 /* Project object */;
			proxyType = 1;
			remoteGlobalIDString = 9F4598472D2DD3A3002981C9;
			remoteInfo = ShootSolo;
		};
/* End PBXContainerItemProxy section */

/* Begin PBXFileReference section */
		9F4598482D2DD3A3002981C9 /* ShootSolo.app */ = {isa = PBXFileReference; explicitFileType = wrapper.application; includeInIndex = 0; path = ShootSolo.app; sourceTree = BUILT_PRODUCTS_DIR; };
		9F45984B2D2DD3A3002981C9 /* ShootSoloApp.swift */ = {isa = PBXFileReference; lastKnownFileType = sourcecode.swift; path = ShootSoloApp.swift; sourceTree = "<group>"; };
		9F45984D2D2DD3A3002981C9 /* ContentView.swift */ = {isa = PBXFileReference; lastKnownFileType = sourcecode.swift; path = ContentView.swift; sourceTree = "<group>"; };
		9F45984F2D2DD3A4002981C9 /* Assets.xcassets */ = {isa = PBXFileReference; lastKnownFileType = folder.assetcatalog; path = Assets.xcassets; sourceTree = "<group>"; };
		9F4598522D2DD3A4002981C9 /* Preview Assets.xcassets */ = {isa = PBXFileReference; lastKnownFileType = folder.assetcatalog; path = "Preview Assets.xcassets"; sourceTree = "<group>"; };
		9F4598582D2DD3A4002981C9 /* ShootSoloTests.xctest */ = {isa = PBXFileReference; explicitFileType = wrapper.cfbundle; includeInIndex = 0; path = ShootSoloTests.xctest; sourceTree = BUILT_PRODUCTS_DIR; };
		9F45985C2D2DD3A4002981C9 /* ShootSoloTests.swift */ = {isa = PBXFileReference; lastKnownFileType = sourcecode.swift; path = ShootSoloTests.swift; sourceTree = "<group>"; };
		9F4598622D2DD3A4002981C9 /* ShootSoloUITests.xctest */ = {isa = PBXFileReference; explicitFileType = wrapper.cfbundle; includeInIndex = 0; path = ShootSoloUITests.xctest; sourceTree = BUILT_PRODUCTS_DIR; };
		9F4598662D2DD3A4002981C9 /* ShootSoloUITests.swift */ = {isa = PBXFileReference; lastKnownFileType = sourcecode.swift; path = ShootSoloUITests.swift; sourceTree = "<group>"; };
		9F4598682D2DD3A4002981C9 /* ShootSoloUITestsLaunchTests.swift */ = {isa = PBXFileReference; lastKnownFileType = sourcecode.swift; path = ShootSoloUITestsLaunchTests.swift; sourceTree = "<group>"; };
		9F4598772D2DD43D002981C9 /* GoogleService-Info.plist */ = {isa = PBXFileReference; fileEncoding = 4; lastKnownFileType = text.plist.xml; path = "GoogleService-Info.plist"; sourceTree = "<group>"; };
		9F45987B2D2DD5A9002981C9 /* Info.plist */ = {isa = PBXFileReference; lastKnownFileType = text.plist; path = Info.plist; sourceTree = "<group>"; };
		9F45988C2D2DDA2A002981C9 /* ZoomControlView.swift */ = {isa = PBXFileReference; fileEncoding = 4; lastKnownFileType = sourcecode.swift; path = ZoomControlView.swift; sourceTree = "<group>"; };
		9F45988D2D2DDA2A002981C9 /* SaveTakeDialog.swift */ = {isa = PBXFileReference; fileEncoding = 4; lastKnownFileType = sourcecode.swift; path = SaveTakeDialog.swift; sourceTree = "<group>"; };
		9F45988E2D2DDA2A002981C9 /* RecordingTimerView.swift */ = {isa = PBXFileReference; fileEncoding = 4; lastKnownFileType = sourcecode.swift; path = RecordingTimerView.swift; sourceTree = "<group>"; };
		9F45988F2D2DDA2A002981C9 /* HUDComponents.swift */ = {isa = PBXFileReference; fileEncoding = 4; lastKnownFileType = sourcecode.swift; path = HUDComponents.swift; sourceTree = "<group>"; };
		9F4598902D2DDA2A002981C9 /* GridOverlay.swift */ = {isa = PBXFileReference; fileEncoding = 4; lastKnownFileType = sourcecode.swift; path = GridOverlay.swift; sourceTree = "<group>"; };
		9F4598922D2DDA2A002981C9 /* LoadingView.swift */ = {isa = PBXFileReference; fileEncoding = 4; lastKnownFileType = sourcecode.swift; path = LoadingView.swift; sourceTree = "<group>"; };
		9F4598942D2DDA2A002981C9 /* AuthState.swift */ = {isa = PBXFileReference; fileEncoding = 4; lastKnownFileType = sourcecode.swift; path = AuthState.swift; sourceTree = "<group>"; };
		9F4598A02D2DDA2F002981C9 /* SettingsModel.swift */ = {isa = PBXFileReference; fileEncoding = 4; lastKnownFileType = sourcecode.swift; path = SettingsModel.swift; sourceTree = "<group>"; };
		9F4598A22D2DDA2F002981C9 /* SettingsView.swift */ = {isa = PBXFileReference; fileEncoding = 4; lastKnownFileType = sourcecode.swift; path = SettingsView.swift; sourceTree = "<group>"; };
		9F4598A32D2DDA2F002981C9 /* AdvancedSettingsView.swift */ = {isa = PBXFileReference; fileEncoding = 4; lastKnownFileType = sourcecode.swift; path = AdvancedSettingsView.swift; sourceTree = "<group>"; };
		9F4598A52D2DDA2F002981C9 /* SettingsManager.swift */ = {isa = PBXFileReference; fileEncoding = 4; lastKnownFileType = sourcecode.swift; path = SettingsManager.swift; sourceTree = "<group>"; };
		9F4598A82D2DDA2F002981C9 /* CameraViewModel.swift */ = {isa = PBXFileReference; fileEncoding = 4; lastKnownFileType = sourcecode.swift; path = CameraViewModel.swift; sourceTree = "<group>"; };
		9F4598AA2D2DDA2F002981C9 /* CameraModel.swift */ = {isa = PBXFileReference; fileEncoding = 4; lastKnownFileType = sourcecode.swift; path = CameraModel.swift; sourceTree = "<group>"; };
		9F4598AD2D2DDA2F002981C9 /* CameraPreviewView.swift */ = {isa = PBXFileReference; fileEncoding = 4; lastKnownFileType = sourcecode.swift; path = CameraPreviewView.swift; sourceTree = "<group>"; };
		9F4598AE2D2DDA2F002981C9 /* CameraView.swift */ = {isa = PBXFileReference; fileEncoding = 4; lastKnownFileType = sourcecode.swift; path = CameraView.swift; sourceTree = "<group>"; };
		9F4598AF2D2DDA2F002981C9 /* MessageHudView.swift */ = {isa = PBXFileReference; fileEncoding = 4; lastKnownFileType = sourcecode.swift; path = MessageHudView.swift; sourceTree = "<group>"; };
		9F4598B02D2DDA2F002981C9 /* CameraBottomControls.swift */ = {isa = PBXFileReference; fileEncoding = 4; lastKnownFileType = sourcecode.swift; path = CameraBottomControls.swift; sourceTree = "<group>"; };
		9F4598B22D2DDA2F002981C9 /* SpeechRecognizer.swift */ = {isa = PBXFileReference; fileEncoding = 4; lastKnownFileType = sourcecode.swift; path = SpeechRecognizer.swift; sourceTree = "<group>"; };
		9F4598B32D2DDA2F002981C9 /* CameraManager.swift */ = {isa = PBXFileReference; fileEncoding = 4; lastKnownFileType = sourcecode.swift; path = CameraManager.swift; sourceTree = "<group>"; };
		9F4598B62D2DDA2F002981C9 /* LoginViewModel.swift */ = {isa = PBXFileReference; fileEncoding = 4; lastKnownFileType = sourcecode.swift; path = LoginViewModel.swift; sourceTree = "<group>"; };
		9F4598B82D2DDA2F002981C9 /* UserModel.swift */ = {isa = PBXFileReference; fileEncoding = 4; lastKnownFileType = sourcecode.swift; path = UserModel.swift; sourceTree = "<group>"; };
		9F4598BA2D2DDA2F002981C9 /* LoginView.swift */ = {isa = PBXFileReference; fileEncoding = 4; lastKnownFileType = sourcecode.swift; path = LoginView.swift; sourceTree = "<group>"; };
		9F4598BB2D2DDA2F002981C9 /* SuccessfulLoginHUD.swift */ = {isa = PBXFileReference; fileEncoding = 4; lastKnownFileType = sourcecode.swift; path = SuccessfulLoginHUD.swift; sourceTree = "<group>"; };
		9F4598BC2D2DDA2F002981C9 /* LoadingHUD.swift */ = {isa = PBXFileReference; fileEncoding = 4; lastKnownFileType = sourcecode.swift; path = LoadingHUD.swift; sourceTree = "<group>"; };
		9F4598BF2D2DDA2F002981C9 /* AuthenticationService.swift */ = {isa = PBXFileReference; fileEncoding = 4; lastKnownFileType = sourcecode.swift; path = AuthenticationService.swift; sourceTree = "<group>"; };
		9F4598C22D2DDA2F002981C9 /* CreditsViewModel.swift */ = {isa = PBXFileReference; fileEncoding = 4; lastKnownFileType = sourcecode.swift; path = CreditsViewModel.swift; sourceTree = "<group>"; };
		9F4598C42D2DDA2F002981C9 /* CreditsModel.swift */ = {isa = PBXFileReference; fileEncoding = 4; lastKnownFileType = sourcecode.swift; path = CreditsModel.swift; sourceTree = "<group>"; };
		9F4598DB2D329F36002981C9 /* SpeechRecognizerStatusView.swift */ = {isa = PBXFileReference; fileEncoding = 4; lastKnownFileType = sourcecode.swift; name = SpeechRecognizerStatusView.swift; path = Common/Components/SpeechRecognizerStatusView.swift; sourceTree = SOURCE_ROOT; };
		9F4598DE2D33387B002981C9 /* CreditsView.swift */ = {isa = PBXFileReference; fileEncoding = 4; lastKnownFileType = sourcecode.swift; path = CreditsView.swift; sourceTree = "<group>"; };
		9F4598E32D333892002981C9 /* IAPProduct.swift */ = {isa = PBXFileReference; fileEncoding = 4; lastKnownFileType = sourcecode.swift; path = IAPProduct.swift; sourceTree = "<group>"; };
		9F4598E62D341336002981C9 /* StoreKit.framework */ = {isa = PBXFileReference; lastKnownFileType = wrapper.framework; name = StoreKit.framework; path = System/Library/Frameworks/StoreKit.framework; sourceTree = SDKROOT; };
		9F4598E82D34133C002981C9 /* ShootSolo.entitlements */ = {isa = PBXFileReference; lastKnownFileType = text.plist.entitlements; path = ShootSolo.entitlements; sourceTree = "<group>"; };
		9F4598EB2D355453002981C9 /* ShootSoloProducts.storekit */ = {isa = PBXFileReference; lastKnownFileType = text; path = ShootSoloProducts.storekit; sourceTree = "<group>"; };
		9FC2A4EB2D4E56B90009C689 /* RewardedAdViewModel.swift */ = {isa = PBXFileReference; lastKnownFileType = sourcecode.swift; path = RewardedAdViewModel.swift; sourceTree = "<group>"; };
		9FC2A4ED2D4E56CB0009C689 /* RewardedAdView.swift */ = {isa = PBXFileReference; lastKnownFileType = sourcecode.swift; path = RewardedAdView.swift; sourceTree = "<group>"; };
		9FC2A4F12D4E99100009C689 /* CreditsManagerProtocol.swift */ = {isa = PBXFileReference; lastKnownFileType = sourcecode.swift; path = CreditsManagerProtocol.swift; sourceTree = "<group>"; };
		9FC2A4F52D4EA0150009C689 /* CreditsManager.swift */ = {isa = PBXFileReference; lastKnownFileType = sourcecode.swift; path = CreditsManager.swift; sourceTree = "<group>"; };
		9FC2A4FA2D50F9200009C689 /* blip_start.mp3 */ = {isa = PBXFileReference; lastKnownFileType = audio.mp3; path = blip_start.mp3; sourceTree = "<group>"; };
		9FC2A4FB2D50F9200009C689 /* blip_stop.mp3 */ = {isa = PBXFileReference; lastKnownFileType = audio.mp3; path = blip_stop.mp3; sourceTree = "<group>"; };
		9FC2A4FC2D50F9200009C689 /* ready_to_record.mp3 */ = {isa = PBXFileReference; lastKnownFileType = audio.mp3; path = ready_to_record.mp3; sourceTree = "<group>"; };
		9FC2A4FD2D50F9200009C689 /* save_take.mp3 */ = {isa = PBXFileReference; lastKnownFileType = audio.mp3; path = save_take.mp3; sourceTree = "<group>"; };
		9FC2A5022D50FD1D0009C689 /* SoundManager.swift */ = {isa = PBXFileReference; lastKnownFileType = sourcecode.swift; path = SoundManager.swift; sourceTree = "<group>"; };
		9FCE495B2D9A078500C0CB91 /* NetworkStatusOverlay.swift */ = {isa = PBXFileReference; lastKnownFileType = sourcecode.swift; path = NetworkStatusOverlay.swift; sourceTree = "<group>"; };
		9FCE495D2D9A079000C0CB91 /* NetworkStatusModifier.swift */ = {isa = PBXFileReference; lastKnownFileType = sourcecode.swift; path = NetworkStatusModifier.swift; sourceTree = "<group>"; };
		9FCE49602D9AEC5700C0CB91 /* ModalTrackingModifier.swift */ = {isa = PBXFileReference; lastKnownFileType = sourcecode.swift; path = ModalTrackingModifier.swift; sourceTree = "<group>"; };
		9FCE49622D9AEC5D00C0CB91 /* ModalPresentationModifier.swift */ = {isa = PBXFileReference; lastKnownFileType = sourcecode.swift; path = ModalPresentationModifier.swift; sourceTree = "<group>"; };
		9FDE68262D72399100DEDDDB /* FileNameGenerator.swift */ = {isa = PBXFileReference; lastKnownFileType = sourcecode.swift; path = FileNameGenerator.swift; sourceTree = "<group>"; };
		9FDE68292D748CA600DEDDDB /* GuestCreditsManager.swift */ = {isa = PBXFileReference; lastKnownFileType = sourcecode.swift; path = GuestCreditsManager.swift; sourceTree = "<group>"; };
		9FDE682D2D7E216000DEDDDB /* NetworkMonitor.swift */ = {isa = PBXFileReference; lastKnownFileType = sourcecode.swift; path = NetworkMonitor.swift; sourceTree = "<group>"; };
		9FDE682F2D8B0F3C00DEDDDB /* SplashScreen.swift */ = {isa = PBXFileReference; lastKnownFileType = sourcecode.swift; path = SplashScreen.swift; sourceTree = "<group>"; };
/* End PBXFileReference section */

/* Begin PBXFrameworksBuildPhase section */
		9F4598452D2DD3A3002981C9 /* Frameworks */ = {
			isa = PBXFrameworksBuildPhase;
			buildActionMask = 2147483647;
			files = (
				9F45987E2D2DD713002981C9 /* GoogleSignIn in Frameworks */,
				9F4598E72D341336002981C9 /* StoreKit.framework in Frameworks */,
				9F4598802D2DD713002981C9 /* GoogleSignInSwift in Frameworks */,
				9F4598872D2DD7A9002981C9 /* FirebaseCrashlytics in Frameworks */,
				9FC2A4EA2D4D7E500009C689 /* GoogleMobileAds in Frameworks */,
				9F4598832D2DD7A9002981C9 /* FirebaseAnalytics in Frameworks */,
				9F4598852D2DD7A9002981C9 /* FirebaseAuth in Frameworks */,
				9F4598892D2DD7A9002981C9 /* FirebaseFirestore in Frameworks */,
			);
			runOnlyForDeploymentPostprocessing = 0;
		};
		9F4598552D2DD3A4002981C9 /* Frameworks */ = {
			isa = PBXFrameworksBuildPhase;
			buildActionMask = 2147483647;
			files = (
			);
			runOnlyForDeploymentPostprocessing = 0;
		};
		9F45985F2D2DD3A4002981C9 /* Frameworks */ = {
			isa = PBXFrameworksBuildPhase;
			buildActionMask = 2147483647;
			files = (
			);
			runOnlyForDeploymentPostprocessing = 0;
		};
/* End PBXFrameworksBuildPhase section */

/* Begin PBXGroup section */
		9F45983F2D2DD3A3002981C9 = {
			isa = PBXGroup;
			children = (
				9F45989D2D2DDA2F002981C9 /* Features */,
				9F45988A2D2DDA2A002981C9 /* Common */,
				9F4598772D2DD43D002981C9 /* GoogleService-Info.plist */,
				9F45984A2D2DD3A3002981C9 /* ShootSolo */,
				9F45985B2D2DD3A4002981C9 /* ShootSoloTests */,
				9F4598652D2DD3A4002981C9 /* ShootSoloUITests */,
				9F4598492D2DD3A3002981C9 /* Products */,
				9F4598E52D341336002981C9 /* Frameworks */,
			);
			sourceTree = "<group>";
		};
		9F4598492D2DD3A3002981C9 /* Products */ = {
			isa = PBXGroup;
			children = (
				9F4598482D2DD3A3002981C9 /* ShootSolo.app */,
				9F4598582D2DD3A4002981C9 /* ShootSoloTests.xctest */,
				9F4598622D2DD3A4002981C9 /* ShootSoloUITests.xctest */,
			);
			name = Products;
			sourceTree = "<group>";
		};
		9F45984A2D2DD3A3002981C9 /* ShootSolo */ = {
			isa = PBXGroup;
			children = (
				9F4598E82D34133C002981C9 /* ShootSolo.entitlements */,
				9F45987B2D2DD5A9002981C9 /* Info.plist */,
				9F45984B2D2DD3A3002981C9 /* ShootSoloApp.swift */,
				9F45984D2D2DD3A3002981C9 /* ContentView.swift */,
				9F45984F2D2DD3A4002981C9 /* Assets.xcassets */,
				9F4598512D2DD3A4002981C9 /* Preview Content */,
			);
			path = ShootSolo;
			sourceTree = "<group>";
		};
		9F4598512D2DD3A4002981C9 /* Preview Content */ = {
			isa = PBXGroup;
			children = (
				9F4598522D2DD3A4002981C9 /* Preview Assets.xcassets */,
			);
			path = "Preview Content";
			sourceTree = "<group>";
		};
		9F45985B2D2DD3A4002981C9 /* ShootSoloTests */ = {
			isa = PBXGroup;
			children = (
				9F45985C2D2DD3A4002981C9 /* ShootSoloTests.swift */,
			);
			path = ShootSoloTests;
			sourceTree = "<group>";
		};
		9F4598652D2DD3A4002981C9 /* ShootSoloUITests */ = {
			isa = PBXGroup;
			children = (
				9F4598662D2DD3A4002981C9 /* ShootSoloUITests.swift */,
				9F4598682D2DD3A4002981C9 /* ShootSoloUITestsLaunchTests.swift */,
			);
			path = ShootSoloUITests;
			sourceTree = "<group>";
		};
		9F45988A2D2DDA2A002981C9 /* Common */ = {
			isa = PBXGroup;
			children = (
				9FCE495E2D9A079000C0CB91 /* Modifiers */,
				9FDE68272D72399100DEDDDB /* Utils */,
				9F45988B2D2DDA2A002981C9 /* Components */,
				9F4598932D2DDA2A002981C9 /* Services */,
			);
			path = Common;
			sourceTree = "<group>";
		};
		9F45988B2D2DDA2A002981C9 /* Components */ = {
			isa = PBXGroup;
			children = (
				9FCE495B2D9A078500C0CB91 /* NetworkStatusOverlay.swift */,
				9FDE682F2D8B0F3C00DEDDDB /* SplashScreen.swift */,
				9F45988C2D2DDA2A002981C9 /* ZoomControlView.swift */,
				9F45988D2D2DDA2A002981C9 /* SaveTakeDialog.swift */,
				9F45988E2D2DDA2A002981C9 /* RecordingTimerView.swift */,
				9F45988F2D2DDA2A002981C9 /* HUDComponents.swift */,
				9F4598902D2DDA2A002981C9 /* GridOverlay.swift */,
				9F4598922D2DDA2A002981C9 /* LoadingView.swift */,
			);
			path = Components;
			sourceTree = "<group>";
		};
		9F4598932D2DDA2A002981C9 /* Services */ = {
			isa = PBXGroup;
			children = (
				9FDE682D2D7E216000DEDDDB /* NetworkMonitor.swift */,
				9F4598942D2DDA2A002981C9 /* AuthState.swift */,
			);
			path = Services;
			sourceTree = "<group>";
		};
		9F45989D2D2DDA2F002981C9 /* Features */ = {
			isa = PBXGroup;
			children = (
				9F45989E2D2DDA2F002981C9 /* Settings */,
				9F4598A62D2DDA2F002981C9 /* Camera */,
				9F4598B42D2DDA2F002981C9 /* Authentication */,
				9F4598C02D2DDA2F002981C9 /* Credits */,
			);
			path = Features;
			sourceTree = "<group>";
		};
		9F45989E2D2DDA2F002981C9 /* Settings */ = {
			isa = PBXGroup;
			children = (
				9F45989F2D2DDA2F002981C9 /* Model */,
				9F4598A12D2DDA2F002981C9 /* View */,
				9F4598A42D2DDA2F002981C9 /* Services */,
			);
			path = Settings;
			sourceTree = "<group>";
		};
		9F45989F2D2DDA2F002981C9 /* Model */ = {
			isa = PBXGroup;
			children = (
				9F4598A02D2DDA2F002981C9 /* SettingsModel.swift */,
			);
			path = Model;
			sourceTree = "<group>";
		};
		9F4598A12D2DDA2F002981C9 /* View */ = {
			isa = PBXGroup;
			children = (
				9F4598A22D2DDA2F002981C9 /* SettingsView.swift */,
				9F4598A32D2DDA2F002981C9 /* AdvancedSettingsView.swift */,
			);
			path = View;
			sourceTree = "<group>";
		};
		9F4598A42D2DDA2F002981C9 /* Services */ = {
			isa = PBXGroup;
			children = (
				9F4598A52D2DDA2F002981C9 /* SettingsManager.swift */,
			);
			path = Services;
			sourceTree = "<group>";
		};
		9F4598A62D2DDA2F002981C9 /* Camera */ = {
			isa = PBXGroup;
			children = (
				9FC2A4F92D50F9130009C689 /* Sounds */,
				9F4598A72D2DDA2F002981C9 /* ViewModel */,
				9F4598A92D2DDA2F002981C9 /* Model */,
				9F4598AB2D2DDA2F002981C9 /* View */,
				9F4598B12D2DDA2F002981C9 /* Services */,
			);
			path = Camera;
			sourceTree = "<group>";
		};
		9F4598A72D2DDA2F002981C9 /* ViewModel */ = {
			isa = PBXGroup;
			children = (
				9F4598A82D2DDA2F002981C9 /* CameraViewModel.swift */,
			);
			path = ViewModel;
			sourceTree = "<group>";
		};
		9F4598A92D2DDA2F002981C9 /* Model */ = {
			isa = PBXGroup;
			children = (
				9F4598AA2D2DDA2F002981C9 /* CameraModel.swift */,
			);
			path = Model;
			sourceTree = "<group>";
		};
		9F4598AB2D2DDA2F002981C9 /* View */ = {
			isa = PBXGroup;
			children = (
				9F4598DB2D329F36002981C9 /* SpeechRecognizerStatusView.swift */,
				9F4598AD2D2DDA2F002981C9 /* CameraPreviewView.swift */,
				9F4598AE2D2DDA2F002981C9 /* CameraView.swift */,
				9F4598AF2D2DDA2F002981C9 /* MessageHudView.swift */,
				9F4598B02D2DDA2F002981C9 /* CameraBottomControls.swift */,
			);
			path = View;
			sourceTree = "<group>";
		};
		9F4598B12D2DDA2F002981C9 /* Services */ = {
			isa = PBXGroup;
			children = (
				9FC2A5022D50FD1D0009C689 /* SoundManager.swift */,
				9F4598B22D2DDA2F002981C9 /* SpeechRecognizer.swift */,
				9F4598B32D2DDA2F002981C9 /* CameraManager.swift */,
			);
			path = Services;
			sourceTree = "<group>";
		};
		9F4598B42D2DDA2F002981C9 /* Authentication */ = {
			isa = PBXGroup;
			children = (
				9F4598B52D2DDA2F002981C9 /* ViewModel */,
				9F4598B72D2DDA2F002981C9 /* Model */,
				9F4598B92D2DDA2F002981C9 /* View */,
				9F4598BE2D2DDA2F002981C9 /* Services */,
			);
			path = Authentication;
			sourceTree = "<group>";
		};
		9F4598B52D2DDA2F002981C9 /* ViewModel */ = {
			isa = PBXGroup;
			children = (
				9F4598B62D2DDA2F002981C9 /* LoginViewModel.swift */,
			);
			path = ViewModel;
			sourceTree = "<group>";
		};
		9F4598B72D2DDA2F002981C9 /* Model */ = {
			isa = PBXGroup;
			children = (
				9F4598B82D2DDA2F002981C9 /* UserModel.swift */,
			);
			path = Model;
			sourceTree = "<group>";
		};
		9F4598B92D2DDA2F002981C9 /* View */ = {
			isa = PBXGroup;
			children = (
				9F4598BA2D2DDA2F002981C9 /* LoginView.swift */,
				9F4598BB2D2DDA2F002981C9 /* SuccessfulLoginHUD.swift */,
				9F4598BC2D2DDA2F002981C9 /* LoadingHUD.swift */,
			);
			path = View;
			sourceTree = "<group>";
		};
		9F4598BE2D2DDA2F002981C9 /* Services */ = {
			isa = PBXGroup;
			children = (
				9F4598BF2D2DDA2F002981C9 /* AuthenticationService.swift */,
			);
			path = Services;
			sourceTree = "<group>";
		};
		9F4598C02D2DDA2F002981C9 /* Credits */ = {
			isa = PBXGroup;
			children = (
				9F4598E02D333883002981C9 /* Services */,
				9F4598DD2D33387B002981C9 /* View */,
				9F4598C12D2DDA2F002981C9 /* ViewModel */,
				9F4598C32D2DDA2F002981C9 /* Model */,
				9F4598EB2D355453002981C9 /* ShootSoloProducts.storekit */,
			);
			path = Credits;
			sourceTree = "<group>";
		};
		9F4598C12D2DDA2F002981C9 /* ViewModel */ = {
			isa = PBXGroup;
			children = (
				9FC2A4EB2D4E56B90009C689 /* RewardedAdViewModel.swift */,
				9F4598C22D2DDA2F002981C9 /* CreditsViewModel.swift */,
			);
			path = ViewModel;
			sourceTree = "<group>";
		};
		9F4598C32D2DDA2F002981C9 /* Model */ = {
			isa = PBXGroup;
			children = (
				9FC2A4F12D4E99100009C689 /* CreditsManagerProtocol.swift */,
				9F4598E32D333892002981C9 /* IAPProduct.swift */,
				9F4598C42D2DDA2F002981C9 /* CreditsModel.swift */,
			);
			path = Model;
			sourceTree = "<group>";
		};
		9F4598DD2D33387B002981C9 /* View */ = {
			isa = PBXGroup;
			children = (
				9FC2A4ED2D4E56CB0009C689 /* RewardedAdView.swift */,
				9F4598DE2D33387B002981C9 /* CreditsView.swift */,
			);
			path = View;
			sourceTree = "<group>";
		};
		9F4598E02D333883002981C9 /* Services */ = {
			isa = PBXGroup;
			children = (
				9FDE68292D748CA600DEDDDB /* GuestCreditsManager.swift */,
				9FC2A4F52D4EA0150009C689 /* CreditsManager.swift */,
			);
			path = Services;
			sourceTree = "<group>";
		};
		9F4598E52D341336002981C9 /* Frameworks */ = {
			isa = PBXGroup;
			children = (
				9F4598E62D341336002981C9 /* StoreKit.framework */,
			);
			name = Frameworks;
			sourceTree = "<group>";
		};
		9FC2A4F92D50F9130009C689 /* Sounds */ = {
			isa = PBXGroup;
			children = (
				9FC2A4FA2D50F9200009C689 /* blip_start.mp3 */,
				9FC2A4FB2D50F9200009C689 /* blip_stop.mp3 */,
				9FC2A4FC2D50F9200009C689 /* ready_to_record.mp3 */,
				9FC2A4FD2D50F9200009C689 /* save_take.mp3 */,
			);
			path = Sounds;
			sourceTree = "<group>";
		};
		9FCE495E2D9A079000C0CB91 /* Modifiers */ = {
			isa = PBXGroup;
			children = (
				9FCE49602D9AEC5700C0CB91 /* ModalTrackingModifier.swift */,
				9FCE49622D9AEC5D00C0CB91 /* ModalPresentationModifier.swift */,
				9FCE495D2D9A079000C0CB91 /* NetworkStatusModifier.swift */,
			);
			path = Modifiers;
			sourceTree = "<group>";
		};
		9FDE68272D72399100DEDDDB /* Utils */ = {
			isa = PBXGroup;
			children = (
				9FDE68262D72399100DEDDDB /* FileNameGenerator.swift */,
			);
			path = Utils;
			sourceTree = "<group>";
		};
/* End PBXGroup section */

/* Begin PBXNativeTarget section */
		9F4598472D2DD3A3002981C9 /* ShootSolo */ = {
			isa = PBXNativeTarget;
			buildConfigurationList = 9F45986C2D2DD3A4002981C9 /* Build configuration list for PBXNativeTarget "ShootSolo" */;
			buildPhases = (
				9F4598442D2DD3A3002981C9 /* Sources */,
				9F4598452D2DD3A3002981C9 /* Frameworks */,
				9F4598462D2DD3A3002981C9 /* Resources */,
			);
			buildRules = (
			);
			dependencies = (
			);
			name = ShootSolo;
			packageProductDependencies = (
				9F45987D2D2DD713002981C9 /* GoogleSignIn */,
				9F45987F2D2DD713002981C9 /* GoogleSignInSwift */,
				9F4598822D2DD7A9002981C9 /* FirebaseAnalytics */,
				9F4598842D2DD7A9002981C9 /* FirebaseAuth */,
				9F4598862D2DD7A9002981C9 /* FirebaseCrashlytics */,
				9F4598882D2DD7A9002981C9 /* FirebaseFirestore */,
				9FC2A4E92D4D7E500009C689 /* GoogleMobileAds */,
			);
			productName = ShootSolo;
			productReference = 9F4598482D2DD3A3002981C9 /* ShootSolo.app */;
			productType = "com.apple.product-type.application";
		};
		9F4598572D2DD3A4002981C9 /* ShootSoloTests */ = {
			isa = PBXNativeTarget;
			buildConfigurationList = 9F45986F2D2DD3A4002981C9 /* Build configuration list for PBXNativeTarget "ShootSoloTests" */;
			buildPhases = (
				9F4598542D2DD3A4002981C9 /* Sources */,
				9F4598552D2DD3A4002981C9 /* Frameworks */,
				9F4598562D2DD3A4002981C9 /* Resources */,
			);
			buildRules = (
			);
			dependencies = (
				9F45985A2D2DD3A4002981C9 /* PBXTargetDependency */,
			);
			name = ShootSoloTests;
			productName = ShootSoloTests;
			productReference = 9F4598582D2DD3A4002981C9 /* ShootSoloTests.xctest */;
			productType = "com.apple.product-type.bundle.unit-test";
		};
		9F4598612D2DD3A4002981C9 /* ShootSoloUITests */ = {
			isa = PBXNativeTarget;
			buildConfigurationList = 9F4598722D2DD3A4002981C9 /* Build configuration list for PBXNativeTarget "ShootSoloUITests" */;
			buildPhases = (
				9F45985E2D2DD3A4002981C9 /* Sources */,
				9F45985F2D2DD3A4002981C9 /* Frameworks */,
				9F4598602D2DD3A4002981C9 /* Resources */,
			);
			buildRules = (
			);
			dependencies = (
				9F4598642D2DD3A4002981C9 /* PBXTargetDependency */,
			);
			name = ShootSoloUITests;
			productName = ShootSoloUITests;
			productReference = 9F4598622D2DD3A4002981C9 /* ShootSoloUITests.xctest */;
			productType = "com.apple.product-type.bundle.ui-testing";
		};
/* End PBXNativeTarget section */

/* Begin PBXProject section */
		9F4598402D2DD3A3002981C9 /* Project object */ = {
			isa = PBXProject;
			attributes = {
				BuildIndependentTargetsInParallel = 1;
				LastSwiftUpdateCheck = 1500;
				LastUpgradeCheck = 1500;
				TargetAttributes = {
					9F4598472D2DD3A3002981C9 = {
						CreatedOnToolsVersion = 15.0.1;
					};
					9F4598572D2DD3A4002981C9 = {
						CreatedOnToolsVersion = 15.0.1;
						TestTargetID = 9F4598472D2DD3A3002981C9;
					};
					9F4598612D2DD3A4002981C9 = {
						CreatedOnToolsVersion = 15.0.1;
						TestTargetID = 9F4598472D2DD3A3002981C9;
					};
				};
			};
			buildConfigurationList = 9F4598432D2DD3A3002981C9 /* Build configuration list for PBXProject "ShootSolo" */;
			compatibilityVersion = "Xcode 14.0";
			developmentRegion = en;
			hasScannedForEncodings = 0;
			knownRegions = (
				en,
				Base,
			);
			mainGroup = 9F45983F2D2DD3A3002981C9;
			packageReferences = (
				9F45987C2D2DD713002981C9 /* XCRemoteSwiftPackageReference "GoogleSignIn-iOS" */,
				9F4598812D2DD7A9002981C9 /* XCRemoteSwiftPackageReference "firebase-ios-sdk" */,
				9FC2A4E82D4D7E500009C689 /* XCRemoteSwiftPackageReference "swift-package-manager-google-mobile-ads" */,
			);
			productRefGroup = 9F4598492D2DD3A3002981C9 /* Products */;
			projectDirPath = "";
			projectRoot = "";
			targets = (
				9F4598472D2DD3A3002981C9 /* ShootSolo */,
				9F4598572D2DD3A4002981C9 /* ShootSoloTests */,
				9F4598612D2DD3A4002981C9 /* ShootSoloUITests */,
			);
		};
/* End PBXProject section */

/* Begin PBXResourcesBuildPhase section */
		9F4598462D2DD3A3002981C9 /* Resources */ = {
			isa = PBXResourcesBuildPhase;
			buildActionMask = 2147483647;
			files = (
				9FC2A4FE2D50F9200009C689 /* blip_start.mp3 in Resources */,
				9FC2A4FF2D50F9200009C689 /* blip_stop.mp3 in Resources */,
				9FC2A5002D50F9200009C689 /* save_take.mp3 in Resources */,
				9FC2A5012D50F9200009C689 /* ready_to_record.mp3 in Resources */,
				9F4598532D2DD3A4002981C9 /* Preview Assets.xcassets in Resources */,
				9F4598502D2DD3A4002981C9 /* Assets.xcassets in Resources */,
				9F4598782D2DD43D002981C9 /* GoogleService-Info.plist in Resources */,
			);
			runOnlyForDeploymentPostprocessing = 0;
		};
		9F4598562D2DD3A4002981C9 /* Resources */ = {
			isa = PBXResourcesBuildPhase;
			buildActionMask = 2147483647;
			files = (
			);
			runOnlyForDeploymentPostprocessing = 0;
		};
		9F4598602D2DD3A4002981C9 /* Resources */ = {
			isa = PBXResourcesBuildPhase;
			buildActionMask = 2147483647;
			files = (
			);
			runOnlyForDeploymentPostprocessing = 0;
		};
/* End PBXResourcesBuildPhase section */

/* Begin PBXSourcesBuildPhase section */
		9F4598442D2DD3A3002981C9 /* Sources */ = {
			isa = PBXSourcesBuildPhase;
			buildActionMask = 2147483647;
			files = (
				9F45984E2D2DD3A3002981C9 /* ContentView.swift in Sources */,
				9F4598CC2D2DDA2F002981C9 /* CameraPreviewView.swift in Sources */,
				9F4598C52D2DDA2F002981C9 /* SettingsModel.swift in Sources */,
				9FCE495C2D9A078500C0CB91 /* NetworkStatusOverlay.swift in Sources */,
				9F4598CF2D2DDA2F002981C9 /* CameraBottomControls.swift in Sources */,
				9FC2A4F62D4EA0150009C689 /* CreditsManager.swift in Sources */,
				9FC2A5032D50FD1D0009C689 /* SoundManager.swift in Sources */,
				9F4598992D2DDA2A002981C9 /* GridOverlay.swift in Sources */,
				9F4598982D2DDA2A002981C9 /* HUDComponents.swift in Sources */,
				9F4598952D2DDA2A002981C9 /* ZoomControlView.swift in Sources */,
				9F4598D32D2DDA2F002981C9 /* UserModel.swift in Sources */,
				9FCE495F2D9A079000C0CB91 /* NetworkStatusModifier.swift in Sources */,
				9F4598D82D2DDA2F002981C9 /* AuthenticationService.swift in Sources */,
				9F4598CA2D2DDA2F002981C9 /* CameraModel.swift in Sources */,
				9F4598D42D2DDA2F002981C9 /* LoginView.swift in Sources */,
				9F4598E42D333892002981C9 /* IAPProduct.swift in Sources */,
				9FC2A4F22D4E99100009C689 /* CreditsManagerProtocol.swift in Sources */,
				9FC2A4EE2D4E56CB0009C689 /* RewardedAdView.swift in Sources */,
				9F4598DA2D2DDA2F002981C9 /* CreditsModel.swift in Sources */,
				9FDE682E2D7E216000DEDDDB /* NetworkMonitor.swift in Sources */,
				9F4598D12D2DDA2F002981C9 /* CameraManager.swift in Sources */,
				9FC2A4EC2D4E56B90009C689 /* RewardedAdViewModel.swift in Sources */,
				9F4598CE2D2DDA2F002981C9 /* MessageHudView.swift in Sources */,
				9F45984C2D2DD3A3002981C9 /* ShootSoloApp.swift in Sources */,
				9FDE682A2D748CA600DEDDDB /* GuestCreditsManager.swift in Sources */,
				9F4598D92D2DDA2F002981C9 /* CreditsViewModel.swift in Sources */,
				9F4598D62D2DDA2F002981C9 /* LoadingHUD.swift in Sources */,
				9F4598962D2DDA2A002981C9 /* SaveTakeDialog.swift in Sources */,
				9F4598C92D2DDA2F002981C9 /* CameraViewModel.swift in Sources */,
				9FCE49612D9AEC5700C0CB91 /* ModalTrackingModifier.swift in Sources */,
				9F4598D02D2DDA2F002981C9 /* SpeechRecognizer.swift in Sources */,
				9F45989C2D2DDA2A002981C9 /* AuthState.swift in Sources */,
				9F4598DF2D33387B002981C9 /* CreditsView.swift in Sources */,
				9F4598C62D2DDA2F002981C9 /* SettingsView.swift in Sources */,
				9F4598CD2D2DDA2F002981C9 /* CameraView.swift in Sources */,
				9F4598DC2D329F36002981C9 /* SpeechRecognizerStatusView.swift in Sources */,
				9F4598C82D2DDA2F002981C9 /* SettingsManager.swift in Sources */,
				9F4598D22D2DDA2F002981C9 /* LoginViewModel.swift in Sources */,
				9F4598972D2DDA2A002981C9 /* RecordingTimerView.swift in Sources */,
				9FCE49632D9AEC5D00C0CB91 /* ModalPresentationModifier.swift in Sources */,
				9F45989B2D2DDA2A002981C9 /* LoadingView.swift in Sources */,
				9F4598C72D2DDA2F002981C9 /* AdvancedSettingsView.swift in Sources */,
				9FDE68302D8B0F3C00DEDDDB /* SplashScreen.swift in Sources */,
				9FDE68282D72399100DEDDDB /* FileNameGenerator.swift in Sources */,
				9F4598D52D2DDA2F002981C9 /* SuccessfulLoginHUD.swift in Sources */,
			);
			runOnlyForDeploymentPostprocessing = 0;
		};
		9F4598542D2DD3A4002981C9 /* Sources */ = {
			isa = PBXSourcesBuildPhase;
			buildActionMask = 2147483647;
			files = (
				9F45985D2D2DD3A4002981C9 /* ShootSoloTests.swift in Sources */,
			);
			runOnlyForDeploymentPostprocessing = 0;
		};
		9F45985E2D2DD3A4002981C9 /* Sources */ = {
			isa = PBXSourcesBuildPhase;
			buildActionMask = 2147483647;
			files = (
				9F4598672D2DD3A4002981C9 /* ShootSoloUITests.swift in Sources */,
				9F4598692D2DD3A4002981C9 /* ShootSoloUITestsLaunchTests.swift in Sources */,
			);
			runOnlyForDeploymentPostprocessing = 0;
		};
/* End PBXSourcesBuildPhase section */

/* Begin PBXTargetDependency section */
		9F45985A2D2DD3A4002981C9 /* PBXTargetDependency */ = {
			isa = PBXTargetDependency;
			target = 9F4598472D2DD3A3002981C9 /* ShootSolo */;
			targetProxy = 9F4598592D2DD3A4002981C9 /* PBXContainerItemProxy */;
		};
		9F4598642D2DD3A4002981C9 /* PBXTargetDependency */ = {
			isa = PBXTargetDependency;
			target = 9F4598472D2DD3A3002981C9 /* ShootSolo */;
			targetProxy = 9F4598632D2DD3A4002981C9 /* PBXContainerItemProxy */;
		};
/* End PBXTargetDependency section */

/* Begin XCBuildConfiguration section */
		9F45986A2D2DD3A4002981C9 /* Debug */ = {
			isa = XCBuildConfiguration;
			buildSettings = {
				ALWAYS_SEARCH_USER_PATHS = NO;
				ASSETCATALOG_COMPILER_GENERATE_SWIFT_ASSET_SYMBOL_EXTENSIONS = YES;
				CLANG_ANALYZER_NONNULL = YES;
				CLANG_ANALYZER_NUMBER_OBJECT_CONVERSION = YES_AGGRESSIVE;
				CLANG_CXX_LANGUAGE_STANDARD = "gnu++20";
				CLANG_ENABLE_MODULES = YES;
				CLANG_ENABLE_OBJC_ARC = YES;
				CLANG_ENABLE_OBJC_WEAK = YES;
				CLANG_WARN_BLOCK_CAPTURE_AUTORELEASING = YES;
				CLANG_WARN_BOOL_CONVERSION = YES;
				CLANG_WARN_COMMA = YES;
				CLANG_WARN_CONSTANT_CONVERSION = YES;
				CLANG_WARN_DEPRECATED_OBJC_IMPLEMENTATIONS = YES;
				CLANG_WARN_DIRECT_OBJC_ISA_USAGE = YES_ERROR;
				CLANG_WARN_DOCUMENTATION_COMMENTS = YES;
				CLANG_WARN_EMPTY_BODY = YES;
				CLANG_WARN_ENUM_CONVERSION = YES;
				CLANG_WARN_INFINITE_RECURSION = YES;
				CLANG_WARN_INT_CONVERSION = YES;
				CLANG_WARN_NON_LITERAL_NULL_CONVERSION = YES;
				CLANG_WARN_OBJC_IMPLICIT_RETAIN_SELF = YES;
				CLANG_WARN_OBJC_LITERAL_CONVERSION = YES;
				CLANG_WARN_OBJC_ROOT_CLASS = YES_ERROR;
				CLANG_WARN_QUOTED_INCLUDE_IN_FRAMEWORK_HEADER = YES;
				CLANG_WARN_RANGE_LOOP_ANALYSIS = YES;
				CLANG_WARN_STRICT_PROTOTYPES = YES;
				CLANG_WARN_SUSPICIOUS_MOVE = YES;
				CLANG_WARN_UNGUARDED_AVAILABILITY = YES_AGGRESSIVE;
				CLANG_WARN_UNREACHABLE_CODE = YES;
				CLANG_WARN__DUPLICATE_METHOD_MATCH = YES;
				COPY_PHASE_STRIP = NO;
				DEBUG_INFORMATION_FORMAT = dwarf;
				ENABLE_STRICT_OBJC_MSGSEND = YES;
				ENABLE_TESTABILITY = YES;
				ENABLE_USER_SCRIPT_SANDBOXING = YES;
				GCC_C_LANGUAGE_STANDARD = gnu17;
				GCC_DYNAMIC_NO_PIC = NO;
				GCC_NO_COMMON_BLOCKS = YES;
				GCC_OPTIMIZATION_LEVEL = 0;
				GCC_PREPROCESSOR_DEFINITIONS = (
					"DEBUG=1",
					"$(inherited)",
				);
				GCC_WARN_64_TO_32_BIT_CONVERSION = YES;
				GCC_WARN_ABOUT_RETURN_TYPE = YES_ERROR;
				GCC_WARN_UNDECLARED_SELECTOR = YES;
				GCC_WARN_UNINITIALIZED_AUTOS = YES_AGGRESSIVE;
				GCC_WARN_UNUSED_FUNCTION = YES;
				GCC_WARN_UNUSED_VARIABLE = YES;
				IPHONEOS_DEPLOYMENT_TARGET = 17.0;
				LOCALIZATION_PREFERS_STRING_CATALOGS = YES;
				MTL_ENABLE_DEBUG_INFO = INCLUDE_SOURCE;
				MTL_FAST_MATH = YES;
				ONLY_ACTIVE_ARCH = YES;
				SDKROOT = iphoneos;
				SWIFT_ACTIVE_COMPILATION_CONDITIONS = "DEBUG $(inherited)";
				SWIFT_OPTIMIZATION_LEVEL = "-Onone";
			};
			name = Debug;
		};
		9F45986B2D2DD3A4002981C9 /* Release */ = {
			isa = XCBuildConfiguration;
			buildSettings = {
				ALWAYS_SEARCH_USER_PATHS = NO;
				ASSETCATALOG_COMPILER_GENERATE_SWIFT_ASSET_SYMBOL_EXTENSIONS = YES;
				CLANG_ANALYZER_NONNULL = YES;
				CLANG_ANALYZER_NUMBER_OBJECT_CONVERSION = YES_AGGRESSIVE;
				CLANG_CXX_LANGUAGE_STANDARD = "gnu++20";
				CLANG_ENABLE_MODULES = YES;
				CLANG_ENABLE_OBJC_ARC = YES;
				CLANG_ENABLE_OBJC_WEAK = YES;
				CLANG_WARN_BLOCK_CAPTURE_AUTORELEASING = YES;
				CLANG_WARN_BOOL_CONVERSION = YES;
				CLANG_WARN_COMMA = YES;
				CLANG_WARN_CONSTANT_CONVERSION = YES;
				CLANG_WARN_DEPRECATED_OBJC_IMPLEMENTATIONS = YES;
				CLANG_WARN_DIRECT_OBJC_ISA_USAGE = YES_ERROR;
				CLANG_WARN_DOCUMENTATION_COMMENTS = YES;
				CLANG_WARN_EMPTY_BODY = YES;
				CLANG_WARN_ENUM_CONVERSION = YES;
				CLANG_WARN_INFINITE_RECURSION = YES;
				CLANG_WARN_INT_CONVERSION = YES;
				CLANG_WARN_NON_LITERAL_NULL_CONVERSION = YES;
				CLANG_WARN_OBJC_IMPLICIT_RETAIN_SELF = YES;
				CLANG_WARN_OBJC_LITERAL_CONVERSION = YES;
				CLANG_WARN_OBJC_ROOT_CLASS = YES_ERROR;
				CLANG_WARN_QUOTED_INCLUDE_IN_FRAMEWORK_HEADER = YES;
				CLANG_WARN_RANGE_LOOP_ANALYSIS = YES;
				CLANG_WARN_STRICT_PROTOTYPES = YES;
				CLANG_WARN_SUSPICIOUS_MOVE = YES;
				CLANG_WARN_UNGUARDED_AVAILABILITY = YES_AGGRESSIVE;
				CLANG_WARN_UNREACHABLE_CODE = YES;
				CLANG_WARN__DUPLICATE_METHOD_MATCH = YES;
				COPY_PHASE_STRIP = NO;
				DEBUG_INFORMATION_FORMAT = "dwarf-with-dsym";
				ENABLE_NS_ASSERTIONS = NO;
				ENABLE_STRICT_OBJC_MSGSEND = YES;
				ENABLE_USER_SCRIPT_SANDBOXING = YES;
				GCC_C_LANGUAGE_STANDARD = gnu17;
				GCC_NO_COMMON_BLOCKS = YES;
				GCC_WARN_64_TO_32_BIT_CONVERSION = YES;
				GCC_WARN_ABOUT_RETURN_TYPE = YES_ERROR;
				GCC_WARN_UNDECLARED_SELECTOR = YES;
				GCC_WARN_UNINITIALIZED_AUTOS = YES_AGGRESSIVE;
				GCC_WARN_UNUSED_FUNCTION = YES;
				GCC_WARN_UNUSED_VARIABLE = YES;
				IPHONEOS_DEPLOYMENT_TARGET = 17.0;
				LOCALIZATION_PREFERS_STRING_CATALOGS = YES;
				MTL_ENABLE_DEBUG_INFO = NO;
				MTL_FAST_MATH = YES;
				SDKROOT = iphoneos;
				SWIFT_COMPILATION_MODE = wholemodule;
				VALIDATE_PRODUCT = YES;
			};
			name = Release;
		};
		9F45986D2D2DD3A4002981C9 /* Debug */ = {
			isa = XCBuildConfiguration;
			buildSettings = {
				ASSETCATALOG_COMPILER_APPICON_NAME = AppIcon;
				ASSETCATALOG_COMPILER_GLOBAL_ACCENT_COLOR_NAME = AccentColor;
				CODE_SIGN_ENTITLEMENTS = ShootSolo/ShootSolo.entitlements;
				CODE_SIGN_STYLE = Automatic;
				CURRENT_PROJECT_VERSION = 2;
				DEVELOPMENT_ASSET_PATHS = "\"ShootSolo/Preview Content\"";
				DEVELOPMENT_TEAM = W924S6FGTJ;
				ENABLE_PREVIEWS = YES;
				GENERATE_INFOPLIST_FILE = YES;
				INFOPLIST_FILE = ShootSolo/Info.plist;
				INFOPLIST_KEY_NSCameraUsageDescription = "We need access to your camera to record videos";
				INFOPLIST_KEY_NSMicrophoneUsageDescription = "We need access to the microphone to listen for voice commands.";
				INFOPLIST_KEY_NSPhotoLibraryUsageDescription = "We need access to your photo library to save recorded videos";
				INFOPLIST_KEY_NSSpeechRecognitionUsageDescription = "We need speech recognition to detect voice commands for hands-free recording";
				INFOPLIST_KEY_NSUserTrackingUsageDescription = "Your data will be used to deliver personalized ads.";
				INFOPLIST_KEY_UIApplicationSceneManifest_Generation = YES;
				INFOPLIST_KEY_UIApplicationSupportsIndirectInputEvents = YES;
				INFOPLIST_KEY_UILaunchScreen_Generation = YES;
				INFOPLIST_KEY_UISupportedInterfaceOrientations = UIInterfaceOrientationPortrait;
				INFOPLIST_KEY_UISupportedInterfaceOrientations_iPad = "UIInterfaceOrientationLandscapeLeft UIInterfaceOrientationLandscapeRight UIInterfaceOrientationPortrait UIInterfaceOrientationPortraitUpsideDown";
				INFOPLIST_KEY_UIUserInterfaceStyle = Light;
				LD_RUNPATH_SEARCH_PATHS = (
					"$(inherited)",
					"@executable_path/Frameworks",
				);
				MARKETING_VERSION = 1.0.4;
				PRODUCT_BUNDLE_IDENTIFIER = com.product.shootsolo;
				PRODUCT_NAME = "$(TARGET_NAME)";
				SUPPORTED_PLATFORMS = "iphoneos iphonesimulator";
				SUPPORTS_MACCATALYST = NO;
				SUPPORTS_MAC_DESIGNED_FOR_IPHONE_IPAD = NO;
				SUPPORTS_XR_DESIGNED_FOR_IPHONE_IPAD = NO;
				SWIFT_EMIT_LOC_STRINGS = YES;
				SWIFT_VERSION = 5.0;
				TARGETED_DEVICE_FAMILY = 1;
			};
			name = Debug;
		};
		9F45986E2D2DD3A4002981C9 /* Release */ = {
			isa = XCBuildConfiguration;
			buildSettings = {
				ASSETCATALOG_COMPILER_APPICON_NAME = AppIcon;
				ASSETCATALOG_COMPILER_GLOBAL_ACCENT_COLOR_NAME = AccentColor;
				CODE_SIGN_ENTITLEMENTS = ShootSolo/ShootSolo.entitlements;
				CODE_SIGN_STYLE = Automatic;
				CURRENT_PROJECT_VERSION = 2;
				DEVELOPMENT_ASSET_PATHS = "\"ShootSolo/Preview Content\"";
				DEVELOPMENT_TEAM = W924S6FGTJ;
				ENABLE_PREVIEWS = YES;
				GENERATE_INFOPLIST_FILE = YES;
				INFOPLIST_FILE = ShootSolo/Info.plist;
				INFOPLIST_KEY_NSCameraUsageDescription = "We need access to your camera to record videos";
				INFOPLIST_KEY_NSMicrophoneUsageDescription = "We need access to the microphone to listen for voice commands.";
				INFOPLIST_KEY_NSPhotoLibraryUsageDescription = "We need access to your photo library to save recorded videos";
				INFOPLIST_KEY_NSSpeechRecognitionUsageDescription = "We need speech recognition to detect voice commands for hands-free recording";
				INFOPLIST_KEY_NSUserTrackingUsageDescription = "Your data will be used to deliver personalized ads.";
				INFOPLIST_KEY_UIApplicationSceneManifest_Generation = YES;
				INFOPLIST_KEY_UIApplicationSupportsIndirectInputEvents = YES;
				INFOPLIST_KEY_UILaunchScreen_Generation = YES;
				INFOPLIST_KEY_UISupportedInterfaceOrientations = UIInterfaceOrientationPortrait;
				INFOPLIST_KEY_UISupportedInterfaceOrientations_iPad = "UIInterfaceOrientationLandscapeLeft UIInterfaceOrientationLandscapeRight UIInterfaceOrientationPortrait UIInterfaceOrientationPortraitUpsideDown";
				INFOPLIST_KEY_UIUserInterfaceStyle = Light;
				LD_RUNPATH_SEARCH_PATHS = (
					"$(inherited)",
					"@executable_path/Frameworks",
				);
				MARKETING_VERSION = 1.0.4;
				PRODUCT_BUNDLE_IDENTIFIER = com.product.shootsolo;
				PRODUCT_NAME = "$(TARGET_NAME)";
				SUPPORTED_PLATFORMS = "iphoneos iphonesimulator";
				SUPPORTS_MACCATALYST = NO;
				SUPPORTS_MAC_DESIGNED_FOR_IPHONE_IPAD = NO;
				SUPPORTS_XR_DESIGNED_FOR_IPHONE_IPAD = NO;
				SWIFT_EMIT_LOC_STRINGS = YES;
				SWIFT_VERSION = 5.0;
				TARGETED_DEVICE_FAMILY = 1;
			};
			name = Release;
		};
		9F4598702D2DD3A4002981C9 /* Debug */ = {
			isa = XCBuildConfiguration;
			buildSettings = {
				ALWAYS_EMBED_SWIFT_STANDARD_LIBRARIES = YES;
				BUNDLE_LOADER = "$(TEST_HOST)";
				CODE_SIGN_STYLE = Automatic;
				CURRENT_PROJECT_VERSION = 1;
				DEVELOPMENT_TEAM = F729H4D7P8;
				GENERATE_INFOPLIST_FILE = YES;
				IPHONEOS_DEPLOYMENT_TARGET = 17.0;
				MARKETING_VERSION = 1.0;
				PRODUCT_BUNDLE_IDENTIFIER = com.productra.shootsolo.ShootSoloTests;
				PRODUCT_NAME = "$(TARGET_NAME)";
				SWIFT_EMIT_LOC_STRINGS = NO;
				SWIFT_VERSION = 5.0;
				TARGETED_DEVICE_FAMILY = "1,2";
				TEST_HOST = "$(BUILT_PRODUCTS_DIR)/ShootSolo.app/$(BUNDLE_EXECUTABLE_FOLDER_PATH)/ShootSolo";
			};
			name = Debug;
		};
		9F4598712D2DD3A4002981C9 /* Release */ = {
			isa = XCBuildConfiguration;
			buildSettings = {
				ALWAYS_EMBED_SWIFT_STANDARD_LIBRARIES = YES;
				BUNDLE_LOADER = "$(TEST_HOST)";
				CODE_SIGN_STYLE = Automatic;
				CURRENT_PROJECT_VERSION = 1;
				DEVELOPMENT_TEAM = F729H4D7P8;
				GENERATE_INFOPLIST_FILE = YES;
				IPHONEOS_DEPLOYMENT_TARGET = 17.0;
				MARKETING_VERSION = 1.0;
				PRODUCT_BUNDLE_IDENTIFIER = com.productra.shootsolo.ShootSoloTests;
				PRODUCT_NAME = "$(TARGET_NAME)";
				SWIFT_EMIT_LOC_STRINGS = NO;
				SWIFT_VERSION = 5.0;
				TARGETED_DEVICE_FAMILY = "1,2";
				TEST_HOST = "$(BUILT_PRODUCTS_DIR)/ShootSolo.app/$(BUNDLE_EXECUTABLE_FOLDER_PATH)/ShootSolo";
			};
			name = Release;
		};
		9F4598732D2DD3A4002981C9 /* Debug */ = {
			isa = XCBuildConfiguration;
			buildSettings = {
				ALWAYS_EMBED_SWIFT_STANDARD_LIBRARIES = YES;
				CODE_SIGN_STYLE = Automatic;
				CURRENT_PROJECT_VERSION = 1;
				DEVELOPMENT_TEAM = F729H4D7P8;
				GENERATE_INFOPLIST_FILE = YES;
				MARKETING_VERSION = 1.0;
				PRODUCT_BUNDLE_IDENTIFIER = com.productra.shootsolo.ShootSoloUITests;
				PRODUCT_NAME = "$(TARGET_NAME)";
				SWIFT_EMIT_LOC_STRINGS = NO;
				SWIFT_VERSION = 5.0;
				TARGETED_DEVICE_FAMILY = "1,2";
				TEST_TARGET_NAME = ShootSolo;
			};
			name = Debug;
		};
		9F4598742D2DD3A4002981C9 /* Release */ = {
			isa = XCBuildConfiguration;
			buildSettings = {
				ALWAYS_EMBED_SWIFT_STANDARD_LIBRARIES = YES;
				CODE_SIGN_STYLE = Automatic;
				CURRENT_PROJECT_VERSION = 1;
				DEVELOPMENT_TEAM = F729H4D7P8;
				GENERATE_INFOPLIST_FILE = YES;
				MARKETING_VERSION = 1.0;
				PRODUCT_BUNDLE_IDENTIFIER = com.productra.shootsolo.ShootSoloUITests;
				PRODUCT_NAME = "$(TARGET_NAME)";
				SWIFT_EMIT_LOC_STRINGS = NO;
				SWIFT_VERSION = 5.0;
				TARGETED_DEVICE_FAMILY = "1,2";
				TEST_TARGET_NAME = ShootSolo;
			};
			name = Release;
		};
/* End XCBuildConfiguration section */

/* Begin XCConfigurationList section */
		9F4598432D2DD3A3002981C9 /* Build configuration list for PBXProject "ShootSolo" */ = {
			isa = XCConfigurationList;
			buildConfigurations = (
				9F45986A2D2DD3A4002981C9 /* Debug */,
				9F45986B2D2DD3A4002981C9 /* Release */,
			);
			defaultConfigurationIsVisible = 0;
			defaultConfigurationName = Release;
		};
		9F45986C2D2DD3A4002981C9 /* Build configuration list for PBXNativeTarget "ShootSolo" */ = {
			isa = XCConfigurationList;
			buildConfigurations = (
				9F45986D2D2DD3A4002981C9 /* Debug */,
				9F45986E2D2DD3A4002981C9 /* Release */,
			);
			defaultConfigurationIsVisible = 0;
			defaultConfigurationName = Release;
		};
		9F45986F2D2DD3A4002981C9 /* Build configuration list for PBXNativeTarget "ShootSoloTests" */ = {
			isa = XCConfigurationList;
			buildConfigurations = (
				9F4598702D2DD3A4002981C9 /* Debug */,
				9F4598712D2DD3A4002981C9 /* Release */,
			);
			defaultConfigurationIsVisible = 0;
			defaultConfigurationName = Release;
		};
		9F4598722D2DD3A4002981C9 /* Build configuration list for PBXNativeTarget "ShootSoloUITests" */ = {
			isa = XCConfigurationList;
			buildConfigurations = (
				9F4598732D2DD3A4002981C9 /* Debug */,
				9F4598742D2DD3A4002981C9 /* Release */,
			);
			defaultConfigurationIsVisible = 0;
			defaultConfigurationName = Release;
		};
/* End XCConfigurationList section */

/* Begin XCRemoteSwiftPackageReference section */
		9F45987C2D2DD713002981C9 /* XCRemoteSwiftPackageReference "GoogleSignIn-iOS" */ = {
			isa = XCRemoteSwiftPackageReference;
			repositoryURL = "https://github.com/google/GoogleSignIn-iOS";
			requirement = {
				kind = upToNextMajorVersion;
				minimumVersion = 8.0.0;
			};
		};
		9F4598812D2DD7A9002981C9 /* XCRemoteSwiftPackageReference "firebase-ios-sdk" */ = {
			isa = XCRemoteSwiftPackageReference;
			repositoryURL = "https://github.com/firebase/firebase-ios-sdk.git";
			requirement = {
				kind = upToNextMajorVersion;
				minimumVersion = 11.6.0;
			};
		};
		9FC2A4E82D4D7E500009C689 /* XCRemoteSwiftPackageReference "swift-package-manager-google-mobile-ads" */ = {
			isa = XCRemoteSwiftPackageReference;
			repositoryURL = "https://github.com/googleads/swift-package-manager-google-mobile-ads";
			requirement = {
				kind = upToNextMajorVersion;
				minimumVersion = 11.13.0;
			};
		};
/* End XCRemoteSwiftPackageReference section */

/* Begin XCSwiftPackageProductDependency section */
		9F45987D2D2DD713002981C9 /* GoogleSignIn */ = {
			isa = XCSwiftPackageProductDependency;
			package = 9F45987C2D2DD713002981C9 /* XCRemoteSwiftPackageReference "GoogleSignIn-iOS" */;
			productName = GoogleSignIn;
		};
		9F45987F2D2DD713002981C9 /* GoogleSignInSwift */ = {
			isa = XCSwiftPackageProductDependency;
			package = 9F45987C2D2DD713002981C9 /* XCRemoteSwiftPackageReference "GoogleSignIn-iOS" */;
			productName = GoogleSignInSwift;
		};
		9F4598822D2DD7A9002981C9 /* FirebaseAnalytics */ = {
			isa = XCSwiftPackageProductDependency;
			package = 9F4598812D2DD7A9002981C9 /* XCRemoteSwiftPackageReference "firebase-ios-sdk" */;
			productName = FirebaseAnalytics;
		};
		9F4598842D2DD7A9002981C9 /* FirebaseAuth */ = {
			isa = XCSwiftPackageProductDependency;
			package = 9F4598812D2DD7A9002981C9 /* XCRemoteSwiftPackageReference "firebase-ios-sdk" */;
			productName = FirebaseAuth;
		};
		9F4598862D2DD7A9002981C9 /* FirebaseCrashlytics */ = {
			isa = XCSwiftPackageProductDependency;
			package = 9F4598812D2DD7A9002981C9 /* XCRemoteSwiftPackageReference "firebase-ios-sdk" */;
			productName = FirebaseCrashlytics;
		};
		9F4598882D2DD7A9002981C9 /* FirebaseFirestore */ = {
			isa = XCSwiftPackageProductDependency;
			package = 9F4598812D2DD7A9002981C9 /* XCRemoteSwiftPackageReference "firebase-ios-sdk" */;
			productName = FirebaseFirestore;
		};
		9FC2A4E92D4D7E500009C689 /* GoogleMobileAds */ = {
			isa = XCSwiftPackageProductDependency;
			package = 9FC2A4E82D4D7E500009C689 /* XCRemoteSwiftPackageReference "swift-package-manager-google-mobile-ads" */;
			productName = GoogleMobileAds;
		};
/* End XCSwiftPackageProductDependency section */
	};
	rootObject = 9F4598402D2DD3A3002981C9 /* Project object */;
}
