// !$*UTF8*$!
{
	archiveVersion = 1;
	classes = {
	};
	objectVersion = 56;
	objects = {

/* Begin PBXBuildFile section */
		9F45984C2D2DD3A3002981C9 /* ShootSoloApp.swift in Sources */ = {isa = PBXBuildFile; fileRef = 9F45984B2D2DD3A3002981C9 /* ShootSoloApp.swift */; };
		9F45984E2D2DD3A3002981C9 /* ContentView.swift in Sources */ = {isa = PBXBuildFile; fileRef = 9F45984D2D2DD3A3002981C9 /* ContentView.swift */; };
		9F4598502D2DD3A4002981C9 /* Assets.xcassets in Resources */ = {isa = PBXBuildFile; fileRef = 9F45984F2D2DD3A4002981C9 /* Assets.xcassets */; };
		9F4598532D2DD3A4002981C9 /* Preview Assets.xcassets in Resources */ = {isa = PBXBuildFile; fileRef = 9F4598522D2DD3A4002981C9 /* Preview Assets.xcassets */; };
		9F45985D2D2DD3A4002981C9 /* ShootSoloTests.swift in Sources */ = {isa = PBXBuildFile; fileRef = 9F45985C2D2DD3A4002981C9 /* ShootSoloTests.swift */; };
		9F4598672D2DD3A4002981C9 /* ShootSoloUITests.swift in Sources */ = {isa = PBXBuildFile; fileRef = 9F4598662D2DD3A4002981C9 /* ShootSoloUITests.swift */; };
		9F4598692D2DD3A4002981C9 /* ShootSoloUITestsLaunchTests.swift in Sources */ = {isa = PBXBuildFile; fileRef = 9F4598682D2DD3A4002981C9 /* ShootSoloUITestsLaunchTests.swift */; };
		9F4598782D2DD43D002981C9 /* GoogleService-Info.plist in Resources */ = {isa = PBXBuildFile; fileRef = 9F4598772D2DD43D002981C9 /* GoogleService-Info.plist */; };
		9F45987E2D2DD713002981C9 /* GoogleSignIn in Frameworks */ = {isa = PBXBuildFile; productRef = 9F45987D2D2DD713002981C9 /* GoogleSignIn */; };
		9F4598802D2DD713002981C9 /* GoogleSignInSwift in Frameworks */ = {isa = PBXBuildFile; productRef = 9F45987F2D2DD713002981C9 /* GoogleSignInSwift */; };
		9F4598832D2DD7A9002981C9 /* FirebaseAnalytics in Frameworks */ = {isa = PBXBuildFile; productRef = 9F4598822D2DD7A9002981C9 /* FirebaseAnalytics */; };
		9F4598852D2DD7A9002981C9 /* FirebaseAuth in Frameworks */ = {isa = PBXBuildFile; productRef = 9F4598842D2DD7A9002981C9 /* FirebaseAuth */; };
		9F4598872D2DD7A9002981C9 /* FirebaseCrashlytics in Frameworks */ = {isa = PBXBuildFile; productRef = 9F4598862D2DD7A9002981C9 /* FirebaseCrashlytics */; };
		9F4598892D2DD7A9002981C9 /* FirebaseFirestore in Frameworks */ = {isa = PBXBuildFile; productRef = 9F4598882D2DD7A9002981C9 /* FirebaseFirestore */; };
/* End PBXBuildFile section */

/* Begin PBXContainerItemProxy section */
		9F4598592D2DD3A4002981C9 /* PBXContainerItemProxy */ = {
			isa = PBXContainerItemProxy;
			containerPortal = 9F4598402D2DD3A3002981C9 /* Project object */;
			proxyType = 1;
			remoteGlobalIDString = 9F4598472D2DD3A3002981C9;
			remoteInfo = ShootSolo;
		};
		9F4598632D2DD3A4002981C9 /* PBXContainerItemProxy */ = {
			isa = PBXContainerItemProxy;
			containerPortal = 9F4598402D2DD3A3002981C9 /* Project object */;
			proxyType = 1;
			remoteGlobalIDString = 9F4598472D2DD3A3002981C9;
			remoteInfo = ShootSolo;
		};
/* End PBXContainerItemProxy section */

/* Begin PBXFileReference section */
		9F4598482D2DD3A3002981C9 /* ShootSolo.app */ = {isa = PBXFileReference; explicitFileType = wrapper.application; includeInIndex = 0; path = ShootSolo.app; sourceTree = BUILT_PRODUCTS_DIR; };
		9F45984B2D2DD3A3002981C9 /* ShootSoloApp.swift */ = {isa = PBXFileReference; lastKnownFileType = sourcecode.swift; path = ShootSoloApp.swift; sourceTree = "<group>"; };
		9F45984D2D2DD3A3002981C9 /* ContentView.swift */ = {isa = PBXFileReference; lastKnownFileType = sourcecode.swift; path = ContentView.swift; sourceTree = "<group>"; };
		9F45984F2D2DD3A4002981C9 /* Assets.xcassets */ = {isa = PBXFileReference; lastKnownFileType = folder.assetcatalog; path = Assets.xcassets; sourceTree = "<group>"; };
		9F4598522D2DD3A4002981C9 /* Preview Assets.xcassets */ = {isa = PBXFileReference; lastKnownFileType = folder.assetcatalog; path = "Preview Assets.xcassets"; sourceTree = "<group>"; };
		9F4598582D2DD3A4002981C9 /* ShootSoloTests.xctest */ = {isa = PBXFileReference; explicitFileType = wrapper.cfbundle; includeInIndex = 0; path = ShootSoloTests.xctest; sourceTree = BUILT_PRODUCTS_DIR; };
		9F45985C2D2DD3A4002981C9 /* ShootSoloTests.swift */ = {isa = PBXFileReference; lastKnownFileType = sourcecode.swift; path = ShootSoloTests.swift; sourceTree = "<group>"; };
		9F4598622D2DD3A4002981C9 /* ShootSoloUITests.xctest */ = {isa = PBXFileReference; explicitFileType = wrapper.cfbundle; includeInIndex = 0; path = ShootSoloUITests.xctest; sourceTree = BUILT_PRODUCTS_DIR; };
		9F4598662D2DD3A4002981C9 /* ShootSoloUITests.swift */ = {isa = PBXFileReference; lastKnownFileType = sourcecode.swift; path = ShootSoloUITests.swift; sourceTree = "<group>"; };
		9F4598682D2DD3A4002981C9 /* ShootSoloUITestsLaunchTests.swift */ = {isa = PBXFileReference; lastKnownFileType = sourcecode.swift; path = ShootSoloUITestsLaunchTests.swift; sourceTree = "<group>"; };
		9F4598772D2DD43D002981C9 /* GoogleService-Info.plist */ = {isa = PBXFileReference; fileEncoding = 4; lastKnownFileType = text.plist.xml; path = "GoogleService-Info.plist"; sourceTree = "<group>"; };
		9F45987B2D2DD5A9002981C9 /* Info.plist */ = {isa = PBXFileReference; lastKnownFileType = text.plist; path = Info.plist; sourceTree = "<group>"; };
/* End PBXFileReference section */

/* Begin PBXFrameworksBuildPhase section */
		9F4598452D2DD3A3002981C9 /* Frameworks */ = {
			isa = PBXFrameworksBuildPhase;
			buildActionMask = 2147483647;
			files = (
				9F45987E2D2DD713002981C9 /* GoogleSignIn in Frameworks */,
				9F4598802D2DD713002981C9 /* GoogleSignInSwift in Frameworks */,
				9F4598872D2DD7A9002981C9 /* FirebaseCrashlytics in Frameworks */,
				9F4598832D2DD7A9002981C9 /* FirebaseAnalytics in Frameworks */,
				9F4598852D2DD7A9002981C9 /* FirebaseAuth in Frameworks */,
				9F4598892D2DD7A9002981C9 /* FirebaseFirestore in Frameworks */,
			);
			runOnlyForDeploymentPostprocessing = 0;
		};
		9F4598552D2DD3A4002981C9 /* Frameworks */ = {
			isa = PBXFrameworksBuildPhase;
			buildActionMask = 2147483647;
			files = (
			);
			runOnlyForDeploymentPostprocessing = 0;
		};
		9F45985F2D2DD3A4002981C9 /* Frameworks */ = {
			isa = PBXFrameworksBuildPhase;
			buildActionMask = 2147483647;
			files = (
			);
			runOnlyForDeploymentPostprocessing = 0;
		};
/* End PBXFrameworksBuildPhase section */

/* Begin PBXGroup section */
		9F45983F2D2DD3A3002981C9 = {
			isa = PBXGroup;
			children = (
				9F4598772D2DD43D002981C9 /* GoogleService-Info.plist */,
				9F45984A2D2DD3A3002981C9 /* ShootSolo */,
				9F45985B2D2DD3A4002981C9 /* ShootSoloTests */,
				9F4598652D2DD3A4002981C9 /* ShootSoloUITests */,
				9F4598492D2DD3A3002981C9 /* Products */,
			);
			sourceTree = "<group>";
		};
		9F4598492D2DD3A3002981C9 /* Products */ = {
			isa = PBXGroup;
			children = (
				9F4598482D2DD3A3002981C9 /* ShootSolo.app */,
				9F4598582D2DD3A4002981C9 /* ShootSoloTests.xctest */,
				9F4598622D2DD3A4002981C9 /* ShootSoloUITests.xctest */,
			);
			name = Products;
			sourceTree = "<group>";
		};
		9F45984A2D2DD3A3002981C9 /* ShootSolo */ = {
			isa = PBXGroup;
			children = (
				9F45987B2D2DD5A9002981C9 /* Info.plist */,
				9F45984B2D2DD3A3002981C9 /* ShootSoloApp.swift */,
				9F45984D2D2DD3A3002981C9 /* ContentView.swift */,
				9F45984F2D2DD3A4002981C9 /* Assets.xcassets */,
				9F4598512D2DD3A4002981C9 /* Preview Content */,
			);
			path = ShootSolo;
			sourceTree = "<group>";
		};
		9F4598512D2DD3A4002981C9 /* Preview Content */ = {
			isa = PBXGroup;
			children = (
				9F4598522D2DD3A4002981C9 /* Preview Assets.xcassets */,
			);
			path = "Preview Content";
			sourceTree = "<group>";
		};
		9F45985B2D2DD3A4002981C9 /* ShootSoloTests */ = {
			isa = PBXGroup;
			children = (
				9F45985C2D2DD3A4002981C9 /* ShootSoloTests.swift */,
			);
			path = ShootSoloTests;
			sourceTree = "<group>";
		};
		9F4598652D2DD3A4002981C9 /* ShootSoloUITests */ = {
			isa = PBXGroup;
			children = (
				9F4598662D2DD3A4002981C9 /* ShootSoloUITests.swift */,
				9F4598682D2DD3A4002981C9 /* ShootSoloUITestsLaunchTests.swift */,
			);
			path = ShootSoloUITests;
			sourceTree = "<group>";
		};
/* End PBXGroup section */

/* Begin PBXNativeTarget section */
		9F4598472D2DD3A3002981C9 /* ShootSolo */ = {
			isa = PBXNativeTarget;
			buildConfigurationList = 9F45986C2D2DD3A4002981C9 /* Build configuration list for PBXNativeTarget "ShootSolo" */;
			buildPhases = (
				9F4598442D2DD3A3002981C9 /* Sources */,
				9F4598452D2DD3A3002981C9 /* Frameworks */,
				9F4598462D2DD3A3002981C9 /* Resources */,
			);
			buildRules = (
			);
			dependencies = (
			);
			name = ShootSolo;
			packageProductDependencies = (
				9F45987D2D2DD713002981C9 /* GoogleSignIn */,
				9F45987F2D2DD713002981C9 /* GoogleSignInSwift */,
				9F4598822D2DD7A9002981C9 /* FirebaseAnalytics */,
				9F4598842D2DD7A9002981C9 /* FirebaseAuth */,
				9F4598862D2DD7A9002981C9 /* FirebaseCrashlytics */,
				9F4598882D2DD7A9002981C9 /* FirebaseFirestore */,
			);
			productName = ShootSolo;
			productReference = 9F4598482D2DD3A3002981C9 /* ShootSolo.app */;
			productType = "com.apple.product-type.application";
		};
		9F4598572D2DD3A4002981C9 /* ShootSoloTests */ = {
			isa = PBXNativeTarget;
			buildConfigurationList = 9F45986F2D2DD3A4002981C9 /* Build configuration list for PBXNativeTarget "ShootSoloTests" */;
			buildPhases = (
				9F4598542D2DD3A4002981C9 /* Sources */,
				9F4598552D2DD3A4002981C9 /* Frameworks */,
				9F4598562D2DD3A4002981C9 /* Resources */,
			);
			buildRules = (
			);
			dependencies = (
				9F45985A2D2DD3A4002981C9 /* PBXTargetDependency */,
			);
			name = ShootSoloTests;
			productName = ShootSoloTests;
			productReference = 9F4598582D2DD3A4002981C9 /* ShootSoloTests.xctest */;
			productType = "com.apple.product-type.bundle.unit-test";
		};
		9F4598612D2DD3A4002981C9 /* ShootSoloUITests */ = {
			isa = PBXNativeTarget;
			buildConfigurationList = 9F4598722D2DD3A4002981C9 /* Build configuration list for PBXNativeTarget "ShootSoloUITests" */;
			buildPhases = (
				9F45985E2D2DD3A4002981C9 /* Sources */,
				9F45985F2D2DD3A4002981C9 /* Frameworks */,
				9F4598602D2DD3A4002981C9 /* Resources */,
			);
			buildRules = (
			);
			dependencies = (
				9F4598642D2DD3A4002981C9 /* PBXTargetDependency */,
			);
			name = ShootSoloUITests;
			productName = ShootSoloUITests;
			productReference = 9F4598622D2DD3A4002981C9 /* ShootSoloUITests.xctest */;
			productType = "com.apple.product-type.bundle.ui-testing";
		};
/* End PBXNativeTarget section */

/* Begin PBXProject section */
		9F4598402D2DD3A3002981C9 /* Project object */ = {
			isa = PBXProject;
			attributes = {
				BuildIndependentTargetsInParallel = 1;
				LastSwiftUpdateCheck = 1500;
				LastUpgradeCheck = 1500;
				TargetAttributes = {
					9F4598472D2DD3A3002981C9 = {
						CreatedOnToolsVersion = 15.0.1;
					};
					9F4598572D2DD3A4002981C9 = {
						CreatedOnToolsVersion = 15.0.1;
						TestTargetID = 9F4598472D2DD3A3002981C9;
					};
					9F4598612D2DD3A4002981C9 = {
						CreatedOnToolsVersion = 15.0.1;
						TestTargetID = 9F4598472D2DD3A3002981C9;
					};
				};
			};
			buildConfigurationList = 9F4598432D2DD3A3002981C9 /* Build configuration list for PBXProject "ShootSolo" */;
			compatibilityVersion = "Xcode 14.0";
			developmentRegion = en;
			hasScannedForEncodings = 0;
			knownRegions = (
				en,
				Base,
			);
			mainGroup = 9F45983F2D2DD3A3002981C9;
			packageReferences = (
				9F45987C2D2DD713002981C9 /* XCRemoteSwiftPackageReference "GoogleSignIn-iOS" */,
				9F4598812D2DD7A9002981C9 /* XCRemoteSwiftPackageReference "firebase-ios-sdk" */,
			);
			productRefGroup = 9F4598492D2DD3A3002981C9 /* Products */;
			projectDirPath = "";
			projectRoot = "";
			targets = (
				9F4598472D2DD3A3002981C9 /* ShootSolo */,
				9F4598572D2DD3A4002981C9 /* ShootSoloTests */,
				9F4598612D2DD3A4002981C9 /* ShootSoloUITests */,
			);
		};
/* End PBXProject section */

/* Begin PBXResourcesBuildPhase section */
		9F4598462D2DD3A3002981C9 /* Resources */ = {
			isa = PBXResourcesBuildPhase;
			buildActionMask = 2147483647;
			files = (
				9F4598532D2DD3A4002981C9 /* Preview Assets.xcassets in Resources */,
				9F4598502D2DD3A4002981C9 /* Assets.xcassets in Resources */,
				9F4598782D2DD43D002981C9 /* GoogleService-Info.plist in Resources */,
			);
			runOnlyForDeploymentPostprocessing = 0;
		};
		9F4598562D2DD3A4002981C9 /* Resources */ = {
			isa = PBXResourcesBuildPhase;
			buildActionMask = 2147483647;
			files = (
			);
			runOnlyForDeploymentPostprocessing = 0;
		};
		9F4598602D2DD3A4002981C9 /* Resources */ = {
			isa = PBXResourcesBuildPhase;
			buildActionMask = 2147483647;
			files = (
			);
			runOnlyForDeploymentPostprocessing = 0;
		};
/* End PBXResourcesBuildPhase section */

/* Begin PBXSourcesBuildPhase section */
		9F4598442D2DD3A3002981C9 /* Sources */ = {
			isa = PBXSourcesBuildPhase;
			buildActionMask = 2147483647;
			files = (
				9F45984E2D2DD3A3002981C9 /* ContentView.swift in Sources */,
				9F45984C2D2DD3A3002981C9 /* ShootSoloApp.swift in Sources */,
			);
			runOnlyForDeploymentPostprocessing = 0;
		};
		9F4598542D2DD3A4002981C9 /* Sources */ = {
			isa = PBXSourcesBuildPhase;
			buildActionMask = 2147483647;
			files = (
				9F45985D2D2DD3A4002981C9 /* ShootSoloTests.swift in Sources */,
			);
			runOnlyForDeploymentPostprocessing = 0;
		};
		9F45985E2D2DD3A4002981C9 /* Sources */ = {
			isa = PBXSourcesBuildPhase;
			buildActionMask = 2147483647;
			files = (
				9F4598672D2DD3A4002981C9 /* ShootSoloUITests.swift in Sources */,
				9F4598692D2DD3A4002981C9 /* ShootSoloUITestsLaunchTests.swift in Sources */,
			);
			runOnlyForDeploymentPostprocessing = 0;
		};
/* End PBXSourcesBuildPhase section */

/* Begin PBXTargetDependency section */
		9F45985A2D2DD3A4002981C9 /* PBXTargetDependency */ = {
			isa = PBXTargetDependency;
			target = 9F4598472D2DD3A3002981C9 /* ShootSolo */;
			targetProxy = 9F4598592D2DD3A4002981C9 /* PBXContainerItemProxy */;
		};
		9F4598642D2DD3A4002981C9 /* PBXTargetDependency */ = {
			isa = PBXTargetDependency;
			target = 9F4598472D2DD3A3002981C9 /* ShootSolo */;
			targetProxy = 9F4598632D2DD3A4002981C9 /* PBXContainerItemProxy */;
		};
/* End PBXTargetDependency section */

/* Begin XCBuildConfiguration section */
		9F45986A2D2DD3A4002981C9 /* Debug */ = {
			isa = XCBuildConfiguration;
			buildSettings = {
				ALWAYS_SEARCH_USER_PATHS = NO;
				ASSETCATALOG_COMPILER_GENERATE_SWIFT_ASSET_SYMBOL_EXTENSIONS = YES;
				CLANG_ANALYZER_NONNULL = YES;
				CLANG_ANALYZER_NUMBER_OBJECT_CONVERSION = YES_AGGRESSIVE;
				CLANG_CXX_LANGUAGE_STANDARD = "gnu++20";
				CLANG_ENABLE_MODULES = YES;
				CLANG_ENABLE_OBJC_ARC = YES;
				CLANG_ENABLE_OBJC_WEAK = YES;
				CLANG_WARN_BLOCK_CAPTURE_AUTORELEASING = YES;
				CLANG_WARN_BOOL_CONVERSION = YES;
				CLANG_WARN_COMMA = YES;
				CLANG_WARN_CONSTANT_CONVERSION = YES;
				CLANG_WARN_DEPRECATED_OBJC_IMPLEMENTATIONS = YES;
				CLANG_WARN_DIRECT_OBJC_ISA_USAGE = YES_ERROR;
				CLANG_WARN_DOCUMENTATION_COMMENTS = YES;
				CLANG_WARN_EMPTY_BODY = YES;
				CLANG_WARN_ENUM_CONVERSION = YES;
				CLANG_WARN_INFINITE_RECURSION = YES;
				CLANG_WARN_INT_CONVERSION = YES;
				CLANG_WARN_NON_LITERAL_NULL_CONVERSION = YES;
				CLANG_WARN_OBJC_IMPLICIT_RETAIN_SELF = YES;
				CLANG_WARN_OBJC_LITERAL_CONVERSION = YES;
				CLANG_WARN_OBJC_ROOT_CLASS = YES_ERROR;
				CLANG_WARN_QUOTED_INCLUDE_IN_FRAMEWORK_HEADER = YES;
				CLANG_WARN_RANGE_LOOP_ANALYSIS = YES;
				CLANG_WARN_STRICT_PROTOTYPES = YES;
				CLANG_WARN_SUSPICIOUS_MOVE = YES;
				CLANG_WARN_UNGUARDED_AVAILABILITY = YES_AGGRESSIVE;
				CLANG_WARN_UNREACHABLE_CODE = YES;
				CLANG_WARN__DUPLICATE_METHOD_MATCH = YES;
				COPY_PHASE_STRIP = NO;
				DEBUG_INFORMATION_FORMAT = dwarf;
				ENABLE_STRICT_OBJC_MSGSEND = YES;
				ENABLE_TESTABILITY = YES;
				ENABLE_USER_SCRIPT_SANDBOXING = YES;
				GCC_C_LANGUAGE_STANDARD = gnu17;
				GCC_DYNAMIC_NO_PIC = NO;
				GCC_NO_COMMON_BLOCKS = YES;
				GCC_OPTIMIZATION_LEVEL = 0;
				GCC_PREPROCESSOR_DEFINITIONS = (
					"DEBUG=1",
					"$(inherited)",
				);
				GCC_WARN_64_TO_32_BIT_CONVERSION = YES;
				GCC_WARN_ABOUT_RETURN_TYPE = YES_ERROR;
				GCC_WARN_UNDECLARED_SELECTOR = YES;
				GCC_WARN_UNINITIALIZED_AUTOS = YES_AGGRESSIVE;
				GCC_WARN_UNUSED_FUNCTION = YES;
				GCC_WARN_UNUSED_VARIABLE = YES;
				IPHONEOS_DEPLOYMENT_TARGET = 17.0;
				LOCALIZATION_PREFERS_STRING_CATALOGS = YES;
				MTL_ENABLE_DEBUG_INFO = INCLUDE_SOURCE;
				MTL_FAST_MATH = YES;
				ONLY_ACTIVE_ARCH = YES;
				SDKROOT = iphoneos;
				SWIFT_ACTIVE_COMPILATION_CONDITIONS = "DEBUG $(inherited)";
				SWIFT_OPTIMIZATION_LEVEL = "-Onone";
			};
			name = Debug;
		};
		9F45986B2D2DD3A4002981C9 /* Release */ = {
			isa = XCBuildConfiguration;
			buildSettings = {
				ALWAYS_SEARCH_USER_PATHS = NO;
				ASSETCATALOG_COMPILER_GENERATE_SWIFT_ASSET_SYMBOL_EXTENSIONS = YES;
				CLANG_ANALYZER_NONNULL = YES;
				CLANG_ANALYZER_NUMBER_OBJECT_CONVERSION = YES_AGGRESSIVE;
				CLANG_CXX_LANGUAGE_STANDARD = "gnu++20";
				CLANG_ENABLE_MODULES = YES;
				CLANG_ENABLE_OBJC_ARC = YES;
				CLANG_ENABLE_OBJC_WEAK = YES;
				CLANG_WARN_BLOCK_CAPTURE_AUTORELEASING = YES;
				CLANG_WARN_BOOL_CONVERSION = YES;
				CLANG_WARN_COMMA = YES;
				CLANG_WARN_CONSTANT_CONVERSION = YES;
				CLANG_WARN_DEPRECATED_OBJC_IMPLEMENTATIONS = YES;
				CLANG_WARN_DIRECT_OBJC_ISA_USAGE = YES_ERROR;
				CLANG_WARN_DOCUMENTATION_COMMENTS = YES;
				CLANG_WARN_EMPTY_BODY = YES;
				CLANG_WARN_ENUM_CONVERSION = YES;
				CLANG_WARN_INFINITE_RECURSION = YES;
				CLANG_WARN_INT_CONVERSION = YES;
				CLANG_WARN_NON_LITERAL_NULL_CONVERSION = YES;
				CLANG_WARN_OBJC_IMPLICIT_RETAIN_SELF = YES;
				CLANG_WARN_OBJC_LITERAL_CONVERSION = YES;
				CLANG_WARN_OBJC_ROOT_CLASS = YES_ERROR;
				CLANG_WARN_QUOTED_INCLUDE_IN_FRAMEWORK_HEADER = YES;
				CLANG_WARN_RANGE_LOOP_ANALYSIS = YES;
				CLANG_WARN_STRICT_PROTOTYPES = YES;
				CLANG_WARN_SUSPICIOUS_MOVE = YES;
				CLANG_WARN_UNGUARDED_AVAILABILITY = YES_AGGRESSIVE;
				CLANG_WARN_UNREACHABLE_CODE = YES;
				CLANG_WARN__DUPLICATE_METHOD_MATCH = YES;
				COPY_PHASE_STRIP = NO;
				DEBUG_INFORMATION_FORMAT = "dwarf-with-dsym";
				ENABLE_NS_ASSERTIONS = NO;
				ENABLE_STRICT_OBJC_MSGSEND = YES;
				ENABLE_USER_SCRIPT_SANDBOXING = YES;
				GCC_C_LANGUAGE_STANDARD = gnu17;
				GCC_NO_COMMON_BLOCKS = YES;
				GCC_WARN_64_TO_32_BIT_CONVERSION = YES;
				GCC_WARN_ABOUT_RETURN_TYPE = YES_ERROR;
				GCC_WARN_UNDECLARED_SELECTOR = YES;
				GCC_WARN_UNINITIALIZED_AUTOS = YES_AGGRESSIVE;
				GCC_WARN_UNUSED_FUNCTION = YES;
				GCC_WARN_UNUSED_VARIABLE = YES;
				IPHONEOS_DEPLOYMENT_TARGET = 17.0;
				LOCALIZATION_PREFERS_STRING_CATALOGS = YES;
				MTL_ENABLE_DEBUG_INFO = NO;
				MTL_FAST_MATH = YES;
				SDKROOT = iphoneos;
				SWIFT_COMPILATION_MODE = wholemodule;
				VALIDATE_PRODUCT = YES;
			};
			name = Release;
		};
		9F45986D2D2DD3A4002981C9 /* Debug */ = {
			isa = XCBuildConfiguration;
			buildSettings = {
				ASSETCATALOG_COMPILER_APPICON_NAME = AppIcon;
				ASSETCATALOG_COMPILER_GLOBAL_ACCENT_COLOR_NAME = AccentColor;
				CODE_SIGN_STYLE = Automatic;
				CURRENT_PROJECT_VERSION = 1;
				DEVELOPMENT_ASSET_PATHS = "\"ShootSolo/Preview Content\"";
				DEVELOPMENT_TEAM = F729H4D7P8;
				ENABLE_PREVIEWS = YES;
				GENERATE_INFOPLIST_FILE = YES;
				INFOPLIST_FILE = ShootSolo/Info.plist;
				INFOPLIST_KEY_NSCameraUsageDescription = "We need access to your camera to record videos";
				INFOPLIST_KEY_NSMicrophoneUsageDescription = "We need access to the microphone to listen for voice commands.";
				INFOPLIST_KEY_NSPhotoLibraryUsageDescription = "We need access to your photo library to save recorded videos";
				INFOPLIST_KEY_NSSpeechRecognitionUsageDescription = "We need speech recognition to detect voice commands for hands-free recording";
				INFOPLIST_KEY_UIApplicationSceneManifest_Generation = YES;
				INFOPLIST_KEY_UIApplicationSupportsIndirectInputEvents = YES;
				INFOPLIST_KEY_UILaunchScreen_Generation = YES;
				INFOPLIST_KEY_UISupportedInterfaceOrientations_iPad = "UIInterfaceOrientationPortrait UIInterfaceOrientationPortraitUpsideDown UIInterfaceOrientationLandscapeLeft UIInterfaceOrientationLandscapeRight";
				INFOPLIST_KEY_UISupportedInterfaceOrientations_iPhone = "UIInterfaceOrientationPortrait UIInterfaceOrientationLandscapeLeft UIInterfaceOrientationLandscapeRight";
				INFOPLIST_KEY_UIUserInterfaceStyle = Light;
				LD_RUNPATH_SEARCH_PATHS = (
					"$(inherited)",
					"@executable_path/Frameworks",
				);
				MARKETING_VERSION = 1.0;
				PRODUCT_BUNDLE_IDENTIFIER = com.productra.shootsolo.ShootSolo;
				PRODUCT_NAME = "$(TARGET_NAME)";
				SWIFT_EMIT_LOC_STRINGS = YES;
				SWIFT_VERSION = 5.0;
				TARGETED_DEVICE_FAMILY = "1,2";
			};
			name = Debug;
		};
		9F45986E2D2DD3A4002981C9 /* Release */ = {
			isa = XCBuildConfiguration;
			buildSettings = {
				ASSETCATALOG_COMPILER_APPICON_NAME = AppIcon;
				ASSETCATALOG_COMPILER_GLOBAL_ACCENT_COLOR_NAME = AccentColor;
				CODE_SIGN_STYLE = Automatic;
				CURRENT_PROJECT_VERSION = 1;
				DEVELOPMENT_ASSET_PATHS = "\"ShootSolo/Preview Content\"";
				DEVELOPMENT_TEAM = F729H4D7P8;
				ENABLE_PREVIEWS = YES;
				GENERATE_INFOPLIST_FILE = YES;
				INFOPLIST_FILE = ShootSolo/Info.plist;
				INFOPLIST_KEY_NSCameraUsageDescription = "We need access to your camera to record videos";
				INFOPLIST_KEY_NSMicrophoneUsageDescription = "We need access to the microphone to listen for voice commands.";
				INFOPLIST_KEY_NSPhotoLibraryUsageDescription = "We need access to your photo library to save recorded videos";
				INFOPLIST_KEY_NSSpeechRecognitionUsageDescription = "We need speech recognition to detect voice commands for hands-free recording";
				INFOPLIST_KEY_UIApplicationSceneManifest_Generation = YES;
				INFOPLIST_KEY_UIApplicationSupportsIndirectInputEvents = YES;
				INFOPLIST_KEY_UILaunchScreen_Generation = YES;
				INFOPLIST_KEY_UISupportedInterfaceOrientations_iPad = "UIInterfaceOrientationPortrait UIInterfaceOrientationPortraitUpsideDown UIInterfaceOrientationLandscapeLeft UIInterfaceOrientationLandscapeRight";
				INFOPLIST_KEY_UISupportedInterfaceOrientations_iPhone = "UIInterfaceOrientationPortrait UIInterfaceOrientationLandscapeLeft UIInterfaceOrientationLandscapeRight";
				INFOPLIST_KEY_UIUserInterfaceStyle = Light;
				LD_RUNPATH_SEARCH_PATHS = (
					"$(inherited)",
					"@executable_path/Frameworks",
				);
				MARKETING_VERSION = 1.0;
				PRODUCT_BUNDLE_IDENTIFIER = com.productra.shootsolo.ShootSolo;
				PRODUCT_NAME = "$(TARGET_NAME)";
				SWIFT_EMIT_LOC_STRINGS = YES;
				SWIFT_VERSION = 5.0;
				TARGETED_DEVICE_FAMILY = "1,2";
			};
			name = Release;
		};
		9F4598702D2DD3A4002981C9 /* Debug */ = {
			isa = XCBuildConfiguration;
			buildSettings = {
				ALWAYS_EMBED_SWIFT_STANDARD_LIBRARIES = YES;
				BUNDLE_LOADER = "$(TEST_HOST)";
				CODE_SIGN_STYLE = Automatic;
				CURRENT_PROJECT_VERSION = 1;
				DEVELOPMENT_TEAM = F729H4D7P8;
				GENERATE_INFOPLIST_FILE = YES;
				IPHONEOS_DEPLOYMENT_TARGET = 17.0;
				MARKETING_VERSION = 1.0;
				PRODUCT_BUNDLE_IDENTIFIER = com.productra.shootsolo.ShootSoloTests;
				PRODUCT_NAME = "$(TARGET_NAME)";
				SWIFT_EMIT_LOC_STRINGS = NO;
				SWIFT_VERSION = 5.0;
				TARGETED_DEVICE_FAMILY = "1,2";
				TEST_HOST = "$(BUILT_PRODUCTS_DIR)/ShootSolo.app/$(BUNDLE_EXECUTABLE_FOLDER_PATH)/ShootSolo";
			};
			name = Debug;
		};
		9F4598712D2DD3A4002981C9 /* Release */ = {
			isa = XCBuildConfiguration;
			buildSettings = {
				ALWAYS_EMBED_SWIFT_STANDARD_LIBRARIES = YES;
				BUNDLE_LOADER = "$(TEST_HOST)";
				CODE_SIGN_STYLE = Automatic;
				CURRENT_PROJECT_VERSION = 1;
				DEVELOPMENT_TEAM = F729H4D7P8;
				GENERATE_INFOPLIST_FILE = YES;
				IPHONEOS_DEPLOYMENT_TARGET = 17.0;
				MARKETING_VERSION = 1.0;
				PRODUCT_BUNDLE_IDENTIFIER = com.productra.shootsolo.ShootSoloTests;
				PRODUCT_NAME = "$(TARGET_NAME)";
				SWIFT_EMIT_LOC_STRINGS = NO;
				SWIFT_VERSION = 5.0;
				TARGETED_DEVICE_FAMILY = "1,2";
				TEST_HOST = "$(BUILT_PRODUCTS_DIR)/ShootSolo.app/$(BUNDLE_EXECUTABLE_FOLDER_PATH)/ShootSolo";
			};
			name = Release;
		};
		9F4598732D2DD3A4002981C9 /* Debug */ = {
			isa = XCBuildConfiguration;
			buildSettings = {
				ALWAYS_EMBED_SWIFT_STANDARD_LIBRARIES = YES;
				CODE_SIGN_STYLE = Automatic;
				CURRENT_PROJECT_VERSION = 1;
				DEVELOPMENT_TEAM = F729H4D7P8;
				GENERATE_INFOPLIST_FILE = YES;
				MARKETING_VERSION = 1.0;
				PRODUCT_BUNDLE_IDENTIFIER = com.productra.shootsolo.ShootSoloUITests;
				PRODUCT_NAME = "$(TARGET_NAME)";
				SWIFT_EMIT_LOC_STRINGS = NO;
				SWIFT_VERSION = 5.0;
				TARGETED_DEVICE_FAMILY = "1,2";
				TEST_TARGET_NAME = ShootSolo;
			};
			name = Debug;
		};
		9F4598742D2DD3A4002981C9 /* Release */ = {
			isa = XCBuildConfiguration;
			buildSettings = {
				ALWAYS_EMBED_SWIFT_STANDARD_LIBRARIES = YES;
				CODE_SIGN_STYLE = Automatic;
				CURRENT_PROJECT_VERSION = 1;
				DEVELOPMENT_TEAM = F729H4D7P8;
				GENERATE_INFOPLIST_FILE = YES;
				MARKETING_VERSION = 1.0;
				PRODUCT_BUNDLE_IDENTIFIER = com.productra.shootsolo.ShootSoloUITests;
				PRODUCT_NAME = "$(TARGET_NAME)";
				SWIFT_EMIT_LOC_STRINGS = NO;
				SWIFT_VERSION = 5.0;
				TARGETED_DEVICE_FAMILY = "1,2";
				TEST_TARGET_NAME = ShootSolo;
			};
			name = Release;
		};
/* End XCBuildConfiguration section */

/* Begin XCConfigurationList section */
		9F4598432D2DD3A3002981C9 /* Build configuration list for PBXProject "ShootSolo" */ = {
			isa = XCConfigurationList;
			buildConfigurations = (
				9F45986A2D2DD3A4002981C9 /* Debug */,
				9F45986B2D2DD3A4002981C9 /* Release */,
			);
			defaultConfigurationIsVisible = 0;
			defaultConfigurationName = Release;
		};
		9F45986C2D2DD3A4002981C9 /* Build configuration list for PBXNativeTarget "ShootSolo" */ = {
			isa = XCConfigurationList;
			buildConfigurations = (
				9F45986D2D2DD3A4002981C9 /* Debug */,
				9F45986E2D2DD3A4002981C9 /* Release */,
			);
			defaultConfigurationIsVisible = 0;
			defaultConfigurationName = Release;
		};
		9F45986F2D2DD3A4002981C9 /* Build configuration list for PBXNativeTarget "ShootSoloTests" */ = {
			isa = XCConfigurationList;
			buildConfigurations = (
				9F4598702D2DD3A4002981C9 /* Debug */,
				9F4598712D2DD3A4002981C9 /* Release */,
			);
			defaultConfigurationIsVisible = 0;
			defaultConfigurationName = Release;
		};
		9F4598722D2DD3A4002981C9 /* Build configuration list for PBXNativeTarget "ShootSoloUITests" */ = {
			isa = XCConfigurationList;
			buildConfigurations = (
				9F4598732D2DD3A4002981C9 /* Debug */,
				9F4598742D2DD3A4002981C9 /* Release */,
			);
			defaultConfigurationIsVisible = 0;
			defaultConfigurationName = Release;
		};
/* End XCConfigurationList section */

/* Begin XCRemoteSwiftPackageReference section */
		9F45987C2D2DD713002981C9 /* XCRemoteSwiftPackageReference "GoogleSignIn-iOS" */ = {
			isa = XCRemoteSwiftPackageReference;
			repositoryURL = "https://github.com/google/GoogleSignIn-iOS";
			requirement = {
				kind = upToNextMajorVersion;
				minimumVersion = 8.0.0;
			};
		};
		9F4598812D2DD7A9002981C9 /* XCRemoteSwiftPackageReference "firebase-ios-sdk" */ = {
			isa = XCRemoteSwiftPackageReference;
			repositoryURL = "https://github.com/firebase/firebase-ios-sdk.git";
			requirement = {
				kind = upToNextMajorVersion;
				minimumVersion = 11.6.0;
			};
		};
/* End XCRemoteSwiftPackageReference section */

/* Begin XCSwiftPackageProductDependency section */
		9F45987D2D2DD713002981C9 /* GoogleSignIn */ = {
			isa = XCSwiftPackageProductDependency;
			package = 9F45987C2D2DD713002981C9 /* XCRemoteSwiftPackageReference "GoogleSignIn-iOS" */;
			productName = GoogleSignIn;
		};
		9F45987F2D2DD713002981C9 /* GoogleSignInSwift */ = {
			isa = XCSwiftPackageProductDependency;
			package = 9F45987C2D2DD713002981C9 /* XCRemoteSwiftPackageReference "GoogleSignIn-iOS" */;
			productName = GoogleSignInSwift;
		};
		9F4598822D2DD7A9002981C9 /* FirebaseAnalytics */ = {
			isa = XCSwiftPackageProductDependency;
			package = 9F4598812D2DD7A9002981C9 /* XCRemoteSwiftPackageReference "firebase-ios-sdk" */;
			productName = FirebaseAnalytics;
		};
		9F4598842D2DD7A9002981C9 /* FirebaseAuth */ = {
			isa = XCSwiftPackageProductDependency;
			package = 9F4598812D2DD7A9002981C9 /* XCRemoteSwiftPackageReference "firebase-ios-sdk" */;
			productName = FirebaseAuth;
		};
		9F4598862D2DD7A9002981C9 /* FirebaseCrashlytics */ = {
			isa = XCSwiftPackageProductDependency;
			package = 9F4598812D2DD7A9002981C9 /* XCRemoteSwiftPackageReference "firebase-ios-sdk" */;
			productName = FirebaseCrashlytics;
		};
		9F4598882D2DD7A9002981C9 /* FirebaseFirestore */ = {
			isa = XCSwiftPackageProductDependency;
			package = 9F4598812D2DD7A9002981C9 /* XCRemoteSwiftPackageReference "firebase-ios-sdk" */;
			productName = FirebaseFirestore;
		};
/* End XCSwiftPackageProductDependency section */
	};
	rootObject = 9F4598402D2DD3A3002981C9 /* Project object */;
}
